// !$*UTF8*$!
{
	archiveVersion = 1;
	classes = {
	};
	objectVersion = 52;
	objects = {

/* Begin PBXBuildFile section */
		A6345EF7249947250070D2C2 /* AppDelegate.swift in Sources */ = {isa = PBXBuildFile; fileRef = A6345EF6249947250070D2C2 /* AppDelegate.swift */; };
		A6345EF9249947250070D2C2 /* SceneDelegate.swift in Sources */ = {isa = PBXBuildFile; fileRef = A6345EF8249947250070D2C2 /* SceneDelegate.swift */; };
		A6345F00249947280070D2C2 /* Assets.xcassets in Resources */ = {isa = PBXBuildFile; fileRef = A6345EFF249947280070D2C2 /* Assets.xcassets */; };
		A6345F03249947280070D2C2 /* LaunchScreen.storyboard in Resources */ = {isa = PBXBuildFile; fileRef = A6345F01249947280070D2C2 /* LaunchScreen.storyboard */; };
		A6345F0E249947280070D2C2 /* TrackFinderTests.swift in Sources */ = {isa = PBXBuildFile; fileRef = A6345F0D249947280070D2C2 /* TrackFinderTests.swift */; };
		A6345F1A2499481F0070D2C2 /* LoginViewController.swift in Sources */ = {isa = PBXBuildFile; fileRef = A6345F192499481F0070D2C2 /* LoginViewController.swift */; };
		A6345F1D249948840070D2C2 /* SnapKit in Frameworks */ = {isa = PBXBuildFile; productRef = A6345F1C249948840070D2C2 /* SnapKit */; };
		A6345F2024994FA60070D2C2 /* ApiProtocol.swift in Sources */ = {isa = PBXBuildFile; fileRef = A6345F1F24994FA60070D2C2 /* ApiProtocol.swift */; };
		A6345F2224994FAD0070D2C2 /* ApiManager.swift in Sources */ = {isa = PBXBuildFile; fileRef = A6345F2124994FAD0070D2C2 /* ApiManager.swift */; };
		A6345F2424994FDF0070D2C2 /* WebApiProtocol.swift in Sources */ = {isa = PBXBuildFile; fileRef = A6345F2324994FDF0070D2C2 /* WebApiProtocol.swift */; };
		A6345F2624994FE70070D2C2 /* SpotifyApi.swift in Sources */ = {isa = PBXBuildFile; fileRef = A6345F2524994FE70070D2C2 /* SpotifyApi.swift */; };
/* End PBXBuildFile section */

/* Begin PBXContainerItemProxy section */
		A6345F0A249947280070D2C2 /* PBXContainerItemProxy */ = {
			isa = PBXContainerItemProxy;
			containerPortal = A6345EEB249947240070D2C2 /* Project object */;
			proxyType = 1;
			remoteGlobalIDString = A6345EF2249947250070D2C2;
			remoteInfo = TrackFinder;
		};
/* End PBXContainerItemProxy section */

/* Begin PBXFileReference section */
		A6345EF3249947250070D2C2 /* TrackFinder.app */ = {isa = PBXFileReference; explicitFileType = wrapper.application; includeInIndex = 0; path = TrackFinder.app; sourceTree = BUILT_PRODUCTS_DIR; };
		A6345EF6249947250070D2C2 /* AppDelegate.swift */ = {isa = PBXFileReference; lastKnownFileType = sourcecode.swift; path = AppDelegate.swift; sourceTree = "<group>"; };
		A6345EF8249947250070D2C2 /* SceneDelegate.swift */ = {isa = PBXFileReference; lastKnownFileType = sourcecode.swift; path = SceneDelegate.swift; sourceTree = "<group>"; };
		A6345EFF249947280070D2C2 /* Assets.xcassets */ = {isa = PBXFileReference; lastKnownFileType = folder.assetcatalog; path = Assets.xcassets; sourceTree = "<group>"; };
		A6345F02249947280070D2C2 /* Base */ = {isa = PBXFileReference; lastKnownFileType = file.storyboard; name = Base; path = Base.lproj/LaunchScreen.storyboard; sourceTree = "<group>"; };
		A6345F04249947280070D2C2 /* Info.plist */ = {isa = PBXFileReference; lastKnownFileType = text.plist.xml; path = Info.plist; sourceTree = "<group>"; };
		A6345F09249947280070D2C2 /* TrackFinderTests.xctest */ = {isa = PBXFileReference; explicitFileType = wrapper.cfbundle; includeInIndex = 0; path = TrackFinderTests.xctest; sourceTree = BUILT_PRODUCTS_DIR; };
		A6345F0D249947280070D2C2 /* TrackFinderTests.swift */ = {isa = PBXFileReference; lastKnownFileType = sourcecode.swift; path = TrackFinderTests.swift; sourceTree = "<group>"; };
		A6345F0F249947280070D2C2 /* Info.plist */ = {isa = PBXFileReference; lastKnownFileType = text.plist.xml; path = Info.plist; sourceTree = "<group>"; };
		A6345F192499481F0070D2C2 /* LoginViewController.swift */ = {isa = PBXFileReference; lastKnownFileType = sourcecode.swift; path = LoginViewController.swift; sourceTree = "<group>"; };
		A6345F1F24994FA60070D2C2 /* ApiProtocol.swift */ = {isa = PBXFileReference; lastKnownFileType = sourcecode.swift; path = ApiProtocol.swift; sourceTree = "<group>"; };
		A6345F2124994FAD0070D2C2 /* ApiManager.swift */ = {isa = PBXFileReference; lastKnownFileType = sourcecode.swift; path = ApiManager.swift; sourceTree = "<group>"; };
		A6345F2324994FDF0070D2C2 /* WebApiProtocol.swift */ = {isa = PBXFileReference; lastKnownFileType = sourcecode.swift; path = WebApiProtocol.swift; sourceTree = "<group>"; };
		A6345F2524994FE70070D2C2 /* SpotifyApi.swift */ = {isa = PBXFileReference; lastKnownFileType = sourcecode.swift; path = SpotifyApi.swift; sourceTree = "<group>"; };
/* End PBXFileReference section */

/* Begin PBXFrameworksBuildPhase section */
		A6345EF0249947250070D2C2 /* Frameworks */ = {
			isa = PBXFrameworksBuildPhase;
			buildActionMask = 2147483647;
			files = (
				A6345F1D249948840070D2C2 /* SnapKit in Frameworks */,
			);
			runOnlyForDeploymentPostprocessing = 0;
		};
		A6345F06249947280070D2C2 /* Frameworks */ = {
			isa = PBXFrameworksBuildPhase;
			buildActionMask = 2147483647;
			files = (
			);
			runOnlyForDeploymentPostprocessing = 0;
		};
/* End PBXFrameworksBuildPhase section */

/* Begin PBXGroup section */
		A6345EEA249947240070D2C2 = {
			isa = PBXGroup;
			children = (
				A6345EF5249947250070D2C2 /* TrackFinder */,
				A6345F0C249947280070D2C2 /* TrackFinderTests */,
				A6345EF4249947250070D2C2 /* Products */,
			);
			sourceTree = "<group>";
		};
		A6345EF4249947250070D2C2 /* Products */ = {
			isa = PBXGroup;
			children = (
				A6345EF3249947250070D2C2 /* TrackFinder.app */,
				A6345F09249947280070D2C2 /* TrackFinderTests.xctest */,
			);
			name = Products;
			sourceTree = "<group>";
		};
		A6345EF5249947250070D2C2 /* TrackFinder */ = {
			isa = PBXGroup;
			children = (
				A6345F2824994FF50070D2C2 /* Services */,
				A6345F2724994FEB0070D2C2 /* Extensions */,
				A6345F1E24994F990070D2C2 /* Networking */,
				A6345F182499480F0070D2C2 /* ViewControllers */,
				A6345F29249950000070D2C2 /* ModelControllers */,
				A6345F2A2499500A0070D2C2 /* Views */,
				A6345F2B249950520070D2C2 /* AppDelegate */,
				A6345EFF249947280070D2C2 /* Assets.xcassets */,
				A6345F01249947280070D2C2 /* LaunchScreen.storyboard */,
				A6345F04249947280070D2C2 /* Info.plist */,
			);
			path = TrackFinder;
			sourceTree = "<group>";
		};
		A6345F0C249947280070D2C2 /* TrackFinderTests */ = {
			isa = PBXGroup;
			children = (
				A6345F0D249947280070D2C2 /* TrackFinderTests.swift */,
				A6345F0F249947280070D2C2 /* Info.plist */,
			);
			path = TrackFinderTests;
			sourceTree = "<group>";
		};
		A6345F182499480F0070D2C2 /* ViewControllers */ = {
			isa = PBXGroup;
			children = (
				A6345F192499481F0070D2C2 /* LoginViewController.swift */,
			);
			path = ViewControllers;
			sourceTree = "<group>";
		};
		A6345F1E24994F990070D2C2 /* Networking */ = {
			isa = PBXGroup;
			children = (
				A6345F1F24994FA60070D2C2 /* ApiProtocol.swift */,
				A6345F2124994FAD0070D2C2 /* ApiManager.swift */,
				A6345F2324994FDF0070D2C2 /* WebApiProtocol.swift */,
				A6345F2524994FE70070D2C2 /* SpotifyApi.swift */,
			);
			path = Networking;
			sourceTree = "<group>";
		};
		A6345F2724994FEB0070D2C2 /* Extensions */ = {
			isa = PBXGroup;
			children = (
			);
			path = Extensions;
			sourceTree = "<group>";
		};
		A6345F2824994FF50070D2C2 /* Services */ = {
			isa = PBXGroup;
			children = (
			);
			path = Services;
			sourceTree = "<group>";
		};
		A6345F29249950000070D2C2 /* ModelControllers */ = {
			isa = PBXGroup;
			children = (
			);
			path = ModelControllers;
			sourceTree = "<group>";
		};
		A6345F2A2499500A0070D2C2 /* Views */ = {
			isa = PBXGroup;
			children = (
			);
			path = Views;
			sourceTree = "<group>";
		};
		A6345F2B249950520070D2C2 /* AppDelegate */ = {
			isa = PBXGroup;
			children = (
				A6345EF6249947250070D2C2 /* AppDelegate.swift */,
				A6345EF8249947250070D2C2 /* SceneDelegate.swift */,
			);
			path = AppDelegate;
			sourceTree = "<group>";
		};
/* End PBXGroup section */

/* Begin PBXNativeTarget section */
		A6345EF2249947250070D2C2 /* TrackFinder */ = {
			isa = PBXNativeTarget;
			buildConfigurationList = A6345F12249947280070D2C2 /* Build configuration list for PBXNativeTarget "TrackFinder" */;
			buildPhases = (
				A6345EEF249947250070D2C2 /* Sources */,
				A6345EF0249947250070D2C2 /* Frameworks */,
				A6345EF1249947250070D2C2 /* Resources */,
			);
			buildRules = (
			);
			dependencies = (
			);
			name = TrackFinder;
			packageProductDependencies = (
				A6345F1C249948840070D2C2 /* SnapKit */,
			);
			productName = TrackFinder;
			productReference = A6345EF3249947250070D2C2 /* TrackFinder.app */;
			productType = "com.apple.product-type.application";
		};
		A6345F08249947280070D2C2 /* TrackFinderTests */ = {
			isa = PBXNativeTarget;
			buildConfigurationList = A6345F15249947280070D2C2 /* Build configuration list for PBXNativeTarget "TrackFinderTests" */;
			buildPhases = (
				A6345F05249947280070D2C2 /* Sources */,
				A6345F06249947280070D2C2 /* Frameworks */,
				A6345F07249947280070D2C2 /* Resources */,
			);
			buildRules = (
			);
			dependencies = (
				A6345F0B249947280070D2C2 /* PBXTargetDependency */,
			);
			name = TrackFinderTests;
			productName = TrackFinderTests;
			productReference = A6345F09249947280070D2C2 /* TrackFinderTests.xctest */;
			productType = "com.apple.product-type.bundle.unit-test";
		};
/* End PBXNativeTarget section */

/* Begin PBXProject section */
		A6345EEB249947240070D2C2 /* Project object */ = {
			isa = PBXProject;
			attributes = {
				LastSwiftUpdateCheck = 1150;
				LastUpgradeCheck = 1150;
				ORGANIZATIONNAME = Nihoo;
				TargetAttributes = {
					A6345EF2249947250070D2C2 = {
						CreatedOnToolsVersion = 11.5;
					};
					A6345F08249947280070D2C2 = {
						CreatedOnToolsVersion = 11.5;
						TestTargetID = A6345EF2249947250070D2C2;
					};
				};
			};
			buildConfigurationList = A6345EEE249947240070D2C2 /* Build configuration list for PBXProject "TrackFinder" */;
			compatibilityVersion = "Xcode 9.3";
			developmentRegion = en;
			hasScannedForEncodings = 0;
			knownRegions = (
				en,
				Base,
			);
			mainGroup = A6345EEA249947240070D2C2;
			packageReferences = (
				A6345F1B249948840070D2C2 /* XCRemoteSwiftPackageReference "SnapKit" */,
			);
			productRefGroup = A6345EF4249947250070D2C2 /* Products */;
			projectDirPath = "";
			projectRoot = "";
			targets = (
				A6345EF2249947250070D2C2 /* TrackFinder */,
				A6345F08249947280070D2C2 /* TrackFinderTests */,
			);
		};
/* End PBXProject section */

/* Begin PBXResourcesBuildPhase section */
		A6345EF1249947250070D2C2 /* Resources */ = {
			isa = PBXResourcesBuildPhase;
			buildActionMask = 2147483647;
			files = (
				A6345F03249947280070D2C2 /* LaunchScreen.storyboard in Resources */,
				A6345F00249947280070D2C2 /* Assets.xcassets in Resources */,
			);
			runOnlyForDeploymentPostprocessing = 0;
		};
		A6345F07249947280070D2C2 /* Resources */ = {
			isa = PBXResourcesBuildPhase;
			buildActionMask = 2147483647;
			files = (
			);
			runOnlyForDeploymentPostprocessing = 0;
		};
/* End PBXResourcesBuildPhase section */

/* Begin PBXSourcesBuildPhase section */
		A6345EEF249947250070D2C2 /* Sources */ = {
			isa = PBXSourcesBuildPhase;
			buildActionMask = 2147483647;
			files = (
				A6345F2624994FE70070D2C2 /* SpotifyApi.swift in Sources */,
				A6345F2024994FA60070D2C2 /* ApiProtocol.swift in Sources */,
				A6345F1A2499481F0070D2C2 /* LoginViewController.swift in Sources */,
				A6345F2224994FAD0070D2C2 /* ApiManager.swift in Sources */,
				A6345F2424994FDF0070D2C2 /* WebApiProtocol.swift in Sources */,
				A6345EF7249947250070D2C2 /* AppDelegate.swift in Sources */,
				A6345EF9249947250070D2C2 /* SceneDelegate.swift in Sources */,
			);
			runOnlyForDeploymentPostprocessing = 0;
		};
		A6345F05249947280070D2C2 /* Sources */ = {
			isa = PBXSourcesBuildPhase;
			buildActionMask = 2147483647;
			files = (
				A6345F0E249947280070D2C2 /* TrackFinderTests.swift in Sources */,
			);
			runOnlyForDeploymentPostprocessing = 0;
		};
/* End PBXSourcesBuildPhase section */

/* Begin PBXTargetDependency section */
		A6345F0B249947280070D2C2 /* PBXTargetDependency */ = {
			isa = PBXTargetDependency;
			target = A6345EF2249947250070D2C2 /* TrackFinder */;
			targetProxy = A6345F0A249947280070D2C2 /* PBXContainerItemProxy */;
		};
/* End PBXTargetDependency section */

/* Begin PBXVariantGroup section */
		A6345F01249947280070D2C2 /* LaunchScreen.storyboard */ = {
			isa = PBXVariantGroup;
			children = (
				A6345F02249947280070D2C2 /* Base */,
			);
			name = LaunchScreen.storyboard;
			sourceTree = "<group>";
		};
/* End PBXVariantGroup section */

/* Begin XCBuildConfiguration section */
		A6345F10249947280070D2C2 /* Debug */ = {
			isa = XCBuildConfiguration;
			buildSettings = {
				ALWAYS_SEARCH_USER_PATHS = NO;
				CLANG_ANALYZER_NONNULL = YES;
				CLANG_ANALYZER_NUMBER_OBJECT_CONVERSION = YES_AGGRESSIVE;
				CLANG_CXX_LANGUAGE_STANDARD = "gnu++14";
				CLANG_CXX_LIBRARY = "libc++";
				CLANG_ENABLE_MODULES = YES;
				CLANG_ENABLE_OBJC_ARC = YES;
				CLANG_ENABLE_OBJC_WEAK = YES;
				CLANG_WARN_BLOCK_CAPTURE_AUTORELEASING = YES;
				CLANG_WARN_BOOL_CONVERSION = YES;
				CLANG_WARN_COMMA = YES;
				CLANG_WARN_CONSTANT_CONVERSION = YES;
				CLANG_WARN_DEPRECATED_OBJC_IMPLEMENTATIONS = YES;
				CLANG_WARN_DIRECT_OBJC_ISA_USAGE = YES_ERROR;
				CLANG_WARN_DOCUMENTATION_COMMENTS = YES;
				CLANG_WARN_EMPTY_BODY = YES;
				CLANG_WARN_ENUM_CONVERSION = YES;
				CLANG_WARN_INFINITE_RECURSION = YES;
				CLANG_WARN_INT_CONVERSION = YES;
				CLANG_WARN_NON_LITERAL_NULL_CONVERSION = YES;
				CLANG_WARN_OBJC_IMPLICIT_RETAIN_SELF = YES;
				CLANG_WARN_OBJC_LITERAL_CONVERSION = YES;
				CLANG_WARN_OBJC_ROOT_CLASS = YES_ERROR;
				CLANG_WARN_RANGE_LOOP_ANALYSIS = YES;
				CLANG_WARN_STRICT_PROTOTYPES = YES;
				CLANG_WARN_SUSPICIOUS_MOVE = YES;
				CLANG_WARN_UNGUARDED_AVAILABILITY = YES_AGGRESSIVE;
				CLANG_WARN_UNREACHABLE_CODE = YES;
				CLANG_WARN__DUPLICATE_METHOD_MATCH = YES;
				COPY_PHASE_STRIP = NO;
				DEBUG_INFORMATION_FORMAT = dwarf;
				ENABLE_STRICT_OBJC_MSGSEND = YES;
				ENABLE_TESTABILITY = YES;
				GCC_C_LANGUAGE_STANDARD = gnu11;
				GCC_DYNAMIC_NO_PIC = NO;
				GCC_NO_COMMON_BLOCKS = YES;
				GCC_OPTIMIZATION_LEVEL = 0;
				GCC_PREPROCESSOR_DEFINITIONS = (
					"DEBUG=1",
					"$(inherited)",
				);
				GCC_WARN_64_TO_32_BIT_CONVERSION = YES;
				GCC_WARN_ABOUT_RETURN_TYPE = YES_ERROR;
				GCC_WARN_UNDECLARED_SELECTOR = YES;
				GCC_WARN_UNINITIALIZED_AUTOS = YES_AGGRESSIVE;
				GCC_WARN_UNUSED_FUNCTION = YES;
				GCC_WARN_UNUSED_VARIABLE = YES;
				IPHONEOS_DEPLOYMENT_TARGET = 13.5;
				MTL_ENABLE_DEBUG_INFO = INCLUDE_SOURCE;
				MTL_FAST_MATH = YES;
				ONLY_ACTIVE_ARCH = YES;
				SDKROOT = iphoneos;
				SWIFT_ACTIVE_COMPILATION_CONDITIONS = DEBUG;
				SWIFT_OPTIMIZATION_LEVEL = "-Onone";
			};
			name = Debug;
		};
		A6345F11249947280070D2C2 /* Release */ = {
			isa = XCBuildConfiguration;
			buildSettings = {
				ALWAYS_SEARCH_USER_PATHS = NO;
				CLANG_ANALYZER_NONNULL = YES;
				CLANG_ANALYZER_NUMBER_OBJECT_CONVERSION = YES_AGGRESSIVE;
				CLANG_CXX_LANGUAGE_STANDARD = "gnu++14";
				CLANG_CXX_LIBRARY = "libc++";
				CLANG_ENABLE_MODULES = YES;
				CLANG_ENABLE_OBJC_ARC = YES;
				CLANG_ENABLE_OBJC_WEAK = YES;
				CLANG_WARN_BLOCK_CAPTURE_AUTORELEASING = YES;
				CLANG_WARN_BOOL_CONVERSION = YES;
				CLANG_WARN_COMMA = YES;
				CLANG_WARN_CONSTANT_CONVERSION = YES;
				CLANG_WARN_DEPRECATED_OBJC_IMPLEMENTATIONS = YES;
				CLANG_WARN_DIRECT_OBJC_ISA_USAGE = YES_ERROR;
				CLANG_WARN_DOCUMENTATION_COMMENTS = YES;
				CLANG_WARN_EMPTY_BODY = YES;
				CLANG_WARN_ENUM_CONVERSION = YES;
				CLANG_WARN_INFINITE_RECURSION = YES;
				CLANG_WARN_INT_CONVERSION = YES;
				CLANG_WARN_NON_LITERAL_NULL_CONVERSION = YES;
				CLANG_WARN_OBJC_IMPLICIT_RETAIN_SELF = YES;
				CLANG_WARN_OBJC_LITERAL_CONVERSION = YES;
				CLANG_WARN_OBJC_ROOT_CLASS = YES_ERROR;
				CLANG_WARN_RANGE_LOOP_ANALYSIS = YES;
				CLANG_WARN_STRICT_PROTOTYPES = YES;
				CLANG_WARN_SUSPICIOUS_MOVE = YES;
				CLANG_WARN_UNGUARDED_AVAILABILITY = YES_AGGRESSIVE;
				CLANG_WARN_UNREACHABLE_CODE = YES;
				CLANG_WARN__DUPLICATE_METHOD_MATCH = YES;
				COPY_PHASE_STRIP = NO;
				DEBUG_INFORMATION_FORMAT = "dwarf-with-dsym";
				ENABLE_NS_ASSERTIONS = NO;
				ENABLE_STRICT_OBJC_MSGSEND = YES;
				GCC_C_LANGUAGE_STANDARD = gnu11;
				GCC_NO_COMMON_BLOCKS = YES;
				GCC_WARN_64_TO_32_BIT_CONVERSION = YES;
				GCC_WARN_ABOUT_RETURN_TYPE = YES_ERROR;
				GCC_WARN_UNDECLARED_SELECTOR = YES;
				GCC_WARN_UNINITIALIZED_AUTOS = YES_AGGRESSIVE;
				GCC_WARN_UNUSED_FUNCTION = YES;
				GCC_WARN_UNUSED_VARIABLE = YES;
				IPHONEOS_DEPLOYMENT_TARGET = 13.5;
				MTL_ENABLE_DEBUG_INFO = NO;
				MTL_FAST_MATH = YES;
				SDKROOT = iphoneos;
				SWIFT_COMPILATION_MODE = wholemodule;
				SWIFT_OPTIMIZATION_LEVEL = "-O";
				VALIDATE_PRODUCT = YES;
			};
			name = Release;
		};
		A6345F13249947280070D2C2 /* Debug */ = {
			isa = XCBuildConfiguration;
			buildSettings = {
				ASSETCATALOG_COMPILER_APPICON_NAME = AppIcon;
				CODE_SIGN_STYLE = Automatic;
				DEVELOPMENT_TEAM = 2G429TK35T;
				INFOPLIST_FILE = TrackFinder/Info.plist;
				LD_RUNPATH_SEARCH_PATHS = (
					"$(inherited)",
					"@executable_path/Frameworks",
				);
				PRODUCT_BUNDLE_IDENTIFIER = nihoo.TrackFinder;
				PRODUCT_NAME = "$(TARGET_NAME)";
				SWIFT_VERSION = 5.0;
				TARGETED_DEVICE_FAMILY = "1,2";
			};
			name = Debug;
		};
		A6345F14249947280070D2C2 /* Release */ = {
			isa = XCBuildConfiguration;
			buildSettings = {
				ASSETCATALOG_COMPILER_APPICON_NAME = AppIcon;
				CODE_SIGN_STYLE = Automatic;
				DEVELOPMENT_TEAM = 2G429TK35T;
				INFOPLIST_FILE = TrackFinder/Info.plist;
				LD_RUNPATH_SEARCH_PATHS = (
					"$(inherited)",
					"@executable_path/Frameworks",
				);
				PRODUCT_BUNDLE_IDENTIFIER = nihoo.TrackFinder;
				PRODUCT_NAME = "$(TARGET_NAME)";
				SWIFT_VERSION = 5.0;
				TARGETED_DEVICE_FAMILY = "1,2";
			};
			name = Release;
		};
		A6345F16249947280070D2C2 /* Debug */ = {
			isa = XCBuildConfiguration;
			buildSettings = {
				ALWAYS_EMBED_SWIFT_STANDARD_LIBRARIES = YES;
				BUNDLE_LOADER = "$(TEST_HOST)";
				CODE_SIGN_STYLE = Automatic;
				DEVELOPMENT_TEAM = 2G429TK35T;
				INFOPLIST_FILE = TrackFinderTests/Info.plist;
				IPHONEOS_DEPLOYMENT_TARGET = 13.5;
				LD_RUNPATH_SEARCH_PATHS = (
					"$(inherited)",
					"@executable_path/Frameworks",
					"@loader_path/Frameworks",
				);
				PRODUCT_BUNDLE_IDENTIFIER = nihoo.TrackFinderTests;
				PRODUCT_NAME = "$(TARGET_NAME)";
				SWIFT_VERSION = 5.0;
				TARGETED_DEVICE_FAMILY = "1,2";
				TEST_HOST = "$(BUILT_PRODUCTS_DIR)/TrackFinder.app/TrackFinder";
			};
			name = Debug;
		};
		A6345F17249947280070D2C2 /* Release */ = {
			isa = XCBuildConfiguration;
			buildSettings = {
				ALWAYS_EMBED_SWIFT_STANDARD_LIBRARIES = YES;
				BUNDLE_LOADER = "$(TEST_HOST)";
				CODE_SIGN_STYLE = Automatic;
				DEVELOPMENT_TEAM = 2G429TK35T;
				INFOPLIST_FILE = TrackFinderTests/Info.plist;
				IPHONEOS_DEPLOYMENT_TARGET = 13.5;
				LD_RUNPATH_SEARCH_PATHS = (
					"$(inherited)",
					"@executable_path/Frameworks",
					"@loader_path/Frameworks",
				);
				PRODUCT_BUNDLE_IDENTIFIER = nihoo.TrackFinderTests;
				PRODUCT_NAME = "$(TARGET_NAME)";
				SWIFT_VERSION = 5.0;
				TARGETED_DEVICE_FAMILY = "1,2";
				TEST_HOST = "$(BUILT_PRODUCTS_DIR)/TrackFinder.app/TrackFinder";
			};
			name = Release;
		};
/* End XCBuildConfiguration section */

/* Begin XCConfigurationList section */
		A6345EEE249947240070D2C2 /* Build configuration list for PBXProject "TrackFinder" */ = {
			isa = XCConfigurationList;
			buildConfigurations = (
				A6345F10249947280070D2C2 /* Debug */,
				A6345F11249947280070D2C2 /* Release */,
			);
			defaultConfigurationIsVisible = 0;
			defaultConfigurationName = Release;
		};
		A6345F12249947280070D2C2 /* Build configuration list for PBXNativeTarget "TrackFinder" */ = {
			isa = XCConfigurationList;
			buildConfigurations = (
				A6345F13249947280070D2C2 /* Debug */,
				A6345F14249947280070D2C2 /* Release */,
			);
			defaultConfigurationIsVisible = 0;
			defaultConfigurationName = Release;
		};
		A6345F15249947280070D2C2 /* Build configuration list for PBXNativeTarget "TrackFinderTests" */ = {
			isa = XCConfigurationList;
			buildConfigurations = (
				A6345F16249947280070D2C2 /* Debug */,
				A6345F17249947280070D2C2 /* Release */,
			);
			defaultConfigurationIsVisible = 0;
			defaultConfigurationName = Release;
		};
/* End XCConfigurationList section */

/* Begin XCRemoteSwiftPackageReference section */
		A6345F1B249948840070D2C2 /* XCRemoteSwiftPackageReference "SnapKit" */ = {
			isa = XCRemoteSwiftPackageReference;
			repositoryURL = "https://github.com/SnapKit/SnapKit";
			requirement = {
				kind = upToNextMajorVersion;
				minimumVersion = 5.0.1;
			};
		};
/* End XCRemoteSwiftPackageReference section */

/* Begin XCSwiftPackageProductDependency section */
		A6345F1C249948840070D2C2 /* SnapKit */ = {
			isa = XCSwiftPackageProductDependency;
			package = A6345F1B249948840070D2C2 /* XCRemoteSwiftPackageReference "SnapKit" */;
			productName = SnapKit;
		};
/* End XCSwiftPackageProductDependency section */
	};
	rootObject = A6345EEB249947240070D2C2 /* Project object */;
}
