// !$*UTF8*$!
{
	archiveVersion = 1;
	classes = {
	};
	objectVersion = 52;
	objects = {

/* Begin PBXBuildFile section */
		A60F5687249CF6CF00156178 /* DependencyResolver.swift in Sources */ = {isa = PBXBuildFile; fileRef = A60F5686249CF6CF00156178 /* DependencyResolver.swift */; };
		A60F5689249CF74900156178 /* Data+Extension.swift in Sources */ = {isa = PBXBuildFile; fileRef = A60F5688249CF74900156178 /* Data+Extension.swift */; };
		A60F568B249CF7CC00156178 /* NetworkError.swift in Sources */ = {isa = PBXBuildFile; fileRef = A60F568A249CF7CC00156178 /* NetworkError.swift */; };
		A60F568D249E0DDB00156178 /* Date+Extension.swift in Sources */ = {isa = PBXBuildFile; fileRef = A60F568C249E0DDB00156178 /* Date+Extension.swift */; };
		A60F568F249E1ED300156178 /* ApiRequestOperation.swift in Sources */ = {isa = PBXBuildFile; fileRef = A60F568E249E1ED300156178 /* ApiRequestOperation.swift */; };
		A60F5691249E1EE100156178 /* ApiOperationQueue.swift in Sources */ = {isa = PBXBuildFile; fileRef = A60F5690249E1EE100156178 /* ApiOperationQueue.swift */; };
		A60F5693249E233A00156178 /* StandardDateFormatter.swift in Sources */ = {isa = PBXBuildFile; fileRef = A60F5692249E233A00156178 /* StandardDateFormatter.swift */; };
		A60F5695249E31D500156178 /* SearchModelController.swift in Sources */ = {isa = PBXBuildFile; fileRef = A60F5694249E31D500156178 /* SearchModelController.swift */; };
		A60F5697249E36BD00156178 /* SearchItemCell.swift in Sources */ = {isa = PBXBuildFile; fileRef = A60F5696249E36BD00156178 /* SearchItemCell.swift */; };
		A60F5699249E38EF00156178 /* SearchService.swift in Sources */ = {isa = PBXBuildFile; fileRef = A60F5698249E38EF00156178 /* SearchService.swift */; };
		A60F569B249E39EE00156178 /* HTTPMethod.swift in Sources */ = {isa = PBXBuildFile; fileRef = A60F569A249E39EE00156178 /* HTTPMethod.swift */; };
		A60F569D249E3C0000156178 /* SearchTrackRequest.swift in Sources */ = {isa = PBXBuildFile; fileRef = A60F569C249E3C0000156178 /* SearchTrackRequest.swift */; };
		A60F56A0249E422F00156178 /* SearchQueryItem.swift in Sources */ = {isa = PBXBuildFile; fileRef = A60F569F249E422F00156178 /* SearchQueryItem.swift */; };
		A60F56A2249E488800156178 /* SearchTrackResponse.swift in Sources */ = {isa = PBXBuildFile; fileRef = A60F56A1249E488800156178 /* SearchTrackResponse.swift */; };
		A60F56A4249E48AF00156178 /* Tracks.swift in Sources */ = {isa = PBXBuildFile; fileRef = A60F56A3249E48AF00156178 /* Tracks.swift */; };
		A60F56A6249E48D500156178 /* TrackItem.swift in Sources */ = {isa = PBXBuildFile; fileRef = A60F56A5249E48D500156178 /* TrackItem.swift */; };
		A60F56A8249E48FB00156178 /* Album.swift in Sources */ = {isa = PBXBuildFile; fileRef = A60F56A7249E48FB00156178 /* Album.swift */; };
		A60F56AA249E490D00156178 /* TrackArtist.swift in Sources */ = {isa = PBXBuildFile; fileRef = A60F56A9249E490D00156178 /* TrackArtist.swift */; };
		A60F56AC249E492900156178 /* CoverImage.swift in Sources */ = {isa = PBXBuildFile; fileRef = A60F56AB249E492900156178 /* CoverImage.swift */; };
		A60F56AE249F4E8A00156178 /* ExternalUrl.swift in Sources */ = {isa = PBXBuildFile; fileRef = A60F56AD249F4E8A00156178 /* ExternalUrl.swift */; };
		A60F56B2249FD22500156178 /* SearchErrorResponse.swift in Sources */ = {isa = PBXBuildFile; fileRef = A60F56B1249FD22500156178 /* SearchErrorResponse.swift */; };
		A60F56B4249FD23B00156178 /* SearchError.swift in Sources */ = {isa = PBXBuildFile; fileRef = A60F56B3249FD23B00156178 /* SearchError.swift */; };
		A61B3849249C091B00286F61 /* AuthTokens.swift in Sources */ = {isa = PBXBuildFile; fileRef = A61B3848249C091B00286F61 /* AuthTokens.swift */; };
		A61B384D249C0E5900286F61 /* RefreshTokenResponse.swift in Sources */ = {isa = PBXBuildFile; fileRef = A61B384C249C0E5900286F61 /* RefreshTokenResponse.swift */; };
		A61B3852249CE6E200286F61 /* SpotifyRequest.swift in Sources */ = {isa = PBXBuildFile; fileRef = A61B3851249CE6E200286F61 /* SpotifyRequest.swift */; };
		A61B3854249CE89C00286F61 /* URLRequest+Extension.swift in Sources */ = {isa = PBXBuildFile; fileRef = A61B3853249CE89C00286F61 /* URLRequest+Extension.swift */; };
		A61B3856249CE92700286F61 /* RefreshTokenRequest.swift in Sources */ = {isa = PBXBuildFile; fileRef = A61B3855249CE92700286F61 /* RefreshTokenRequest.swift */; };
		A61B3858249CE93700286F61 /* AuthorizationRequest.swift in Sources */ = {isa = PBXBuildFile; fileRef = A61B3857249CE93700286F61 /* AuthorizationRequest.swift */; };
		A61B385A249CE94900286F61 /* AccessTokenRequest.swift in Sources */ = {isa = PBXBuildFile; fileRef = A61B3859249CE94900286F61 /* AccessTokenRequest.swift */; };
		A61B385D249CF28400286F61 /* RoutingPath.swift in Sources */ = {isa = PBXBuildFile; fileRef = A61B385C249CF28400286F61 /* RoutingPath.swift */; };
		A61B385F249CF28D00286F61 /* AuthorizationQueryItem.swift in Sources */ = {isa = PBXBuildFile; fileRef = A61B385E249CF28D00286F61 /* AuthorizationQueryItem.swift */; };
		A61B3861249CF2A200286F61 /* Headers.swift in Sources */ = {isa = PBXBuildFile; fileRef = A61B3860249CF2A200286F61 /* Headers.swift */; };
		A6345EF7249947250070D2C2 /* AppDelegate.swift in Sources */ = {isa = PBXBuildFile; fileRef = A6345EF6249947250070D2C2 /* AppDelegate.swift */; };
		A6345EF9249947250070D2C2 /* SceneDelegate.swift in Sources */ = {isa = PBXBuildFile; fileRef = A6345EF8249947250070D2C2 /* SceneDelegate.swift */; };
		A6345F00249947280070D2C2 /* Assets.xcassets in Resources */ = {isa = PBXBuildFile; fileRef = A6345EFF249947280070D2C2 /* Assets.xcassets */; };
		A6345F03249947280070D2C2 /* LaunchScreen.storyboard in Resources */ = {isa = PBXBuildFile; fileRef = A6345F01249947280070D2C2 /* LaunchScreen.storyboard */; };
		A6345F1A2499481F0070D2C2 /* LoginViewController.swift in Sources */ = {isa = PBXBuildFile; fileRef = A6345F192499481F0070D2C2 /* LoginViewController.swift */; };
		A6345F1D249948840070D2C2 /* SnapKit in Frameworks */ = {isa = PBXBuildFile; productRef = A6345F1C249948840070D2C2 /* SnapKit */; };
		A6345F2024994FA60070D2C2 /* ApiProtocol.swift in Sources */ = {isa = PBXBuildFile; fileRef = A6345F1F24994FA60070D2C2 /* ApiProtocol.swift */; };
		A6345F2224994FAD0070D2C2 /* ApiManager.swift in Sources */ = {isa = PBXBuildFile; fileRef = A6345F2124994FAD0070D2C2 /* ApiManager.swift */; };
		A6345F2424994FDF0070D2C2 /* WebApiProtocol.swift in Sources */ = {isa = PBXBuildFile; fileRef = A6345F2324994FDF0070D2C2 /* WebApiProtocol.swift */; };
		A6345F2624994FE70070D2C2 /* SpotifyApi.swift in Sources */ = {isa = PBXBuildFile; fileRef = A6345F2524994FE70070D2C2 /* SpotifyApi.swift */; };
		A6345F45249959E00070D2C2 /* SpotifyiOS.framework in Frameworks */ = {isa = PBXBuildFile; fileRef = A6345F44249959E00070D2C2 /* SpotifyiOS.framework */; };
		A6345F86249A72A90070D2C2 /* SwiftyBeaver in Frameworks */ = {isa = PBXBuildFile; productRef = A6345F85249A72A90070D2C2 /* SwiftyBeaver */; };
		A6345F88249A802A0070D2C2 /* SearchScreenViewController.swift in Sources */ = {isa = PBXBuildFile; fileRef = A6345F87249A802A0070D2C2 /* SearchScreenViewController.swift */; };
		A6345F8A249A98F20070D2C2 /* AuthTokenResponse.swift in Sources */ = {isa = PBXBuildFile; fileRef = A6345F89249A98F20070D2C2 /* AuthTokenResponse.swift */; };
		A6345F8E249B89710070D2C2 /* AuthenticationService.swift in Sources */ = {isa = PBXBuildFile; fileRef = A6345F8D249B89710070D2C2 /* AuthenticationService.swift */; };
		A6345F91249BB7410070D2C2 /* Swinject in Frameworks */ = {isa = PBXBuildFile; productRef = A6345F90249BB7400070D2C2 /* Swinject */; };
		A6345F94249BB7760070D2C2 /* AppDelegate+Dependencies.swift in Sources */ = {isa = PBXBuildFile; fileRef = A6345F93249BB7760070D2C2 /* AppDelegate+Dependencies.swift */; };
		A6345F96249BB7830070D2C2 /* SceneDelegate+SpotifyCallback.swift in Sources */ = {isa = PBXBuildFile; fileRef = A6345F95249BB7830070D2C2 /* SceneDelegate+SpotifyCallback.swift */; };
		A6345F9A249BC23C0070D2C2 /* AuthenticationError.swift in Sources */ = {isa = PBXBuildFile; fileRef = A6345F99249BC23C0070D2C2 /* AuthenticationError.swift */; };
		A6345FA0249C04030070D2C2 /* Environment.swift in Sources */ = {isa = PBXBuildFile; fileRef = A6345F9F249C04030070D2C2 /* Environment.swift */; };
		A6345FA2249C05080070D2C2 /* String+Extension.swift in Sources */ = {isa = PBXBuildFile; fileRef = A6345FA1249C05080070D2C2 /* String+Extension.swift */; };
		A6345FA4249C053C0070D2C2 /* String+Localization.swift in Sources */ = {isa = PBXBuildFile; fileRef = A6345FA3249C053C0070D2C2 /* String+Localization.swift */; };
		A6345FA6249C06F70070D2C2 /* UserPreferences.swift in Sources */ = {isa = PBXBuildFile; fileRef = A6345FA5249C06F70070D2C2 /* UserPreferences.swift */; };
		A6507CD024A1F33400768DE2 /* QueueHelper.swift in Sources */ = {isa = PBXBuildFile; fileRef = A6507CCF24A1F33400768DE2 /* QueueHelper.swift */; };
		A696EA6424A1F6380008D132 /* SceneDelegateHelper.swift in Sources */ = {isa = PBXBuildFile; fileRef = A696EA6324A1F6380008D132 /* SceneDelegateHelper.swift */; };
		A696EA6724A1FC140008D132 /* SearchModelHelper.swift in Sources */ = {isa = PBXBuildFile; fileRef = A696EA6624A1FC140008D132 /* SearchModelHelper.swift */; };
		A696EA6E24A2065B0008D132 /* SpotifyRequestTests.swift in Sources */ = {isa = PBXBuildFile; fileRef = A696EA6C24A206460008D132 /* SpotifyRequestTests.swift */; };
		A696EA7024A206C70008D132 /* RoutingPathTests.swift in Sources */ = {isa = PBXBuildFile; fileRef = A696EA6F24A206C70008D132 /* RoutingPathTests.swift */; };
		A696EA7224A206E60008D132 /* URLRequestTests.swift in Sources */ = {isa = PBXBuildFile; fileRef = A696EA7124A206E60008D132 /* URLRequestTests.swift */; };
		A696EA7424A2072D0008D132 /* AuthenticationServiceTests.swift in Sources */ = {isa = PBXBuildFile; fileRef = A696EA7324A2072D0008D132 /* AuthenticationServiceTests.swift */; };
		A696EA7624A207350008D132 /* SearchServiceTests.swift in Sources */ = {isa = PBXBuildFile; fileRef = A696EA7524A207350008D132 /* SearchServiceTests.swift */; };
		A696EA7824A207400008D132 /* TrackItemServiceTests.swift in Sources */ = {isa = PBXBuildFile; fileRef = A696EA7724A207400008D132 /* TrackItemServiceTests.swift */; };
		A696EA7A24A2075B0008D132 /* SearchModelControllerTests.swift in Sources */ = {isa = PBXBuildFile; fileRef = A696EA7924A2075B0008D132 /* SearchModelControllerTests.swift */; };
		A696EA7C24A207690008D132 /* TrackItemModelControllerTests.swift in Sources */ = {isa = PBXBuildFile; fileRef = A696EA7B24A207690008D132 /* TrackItemModelControllerTests.swift */; };
		A696EA7E24A2077C0008D132 /* SearchModelHelperTests.swift in Sources */ = {isa = PBXBuildFile; fileRef = A696EA7D24A2077C0008D132 /* SearchModelHelperTests.swift */; };
		A696EA8024A207840008D132 /* QueueHelperTests.swift in Sources */ = {isa = PBXBuildFile; fileRef = A696EA7F24A207840008D132 /* QueueHelperTests.swift */; };
		A696EA8224A207950008D132 /* SceneDelegateHelperTests.swift in Sources */ = {isa = PBXBuildFile; fileRef = A696EA8124A207950008D132 /* SceneDelegateHelperTests.swift */; };
		A696EA8524A211A70008D132 /* MockSpotifyRequest.swift in Sources */ = {isa = PBXBuildFile; fileRef = A696EA8424A211A70008D132 /* MockSpotifyRequest.swift */; };
		A696EA8924A2142C0008D132 /* MockApi.swift in Sources */ = {isa = PBXBuildFile; fileRef = A696EA8824A2142C0008D132 /* MockApi.swift */; };
		A696EA8B24A215810008D132 /* MockApiManager.swift in Sources */ = {isa = PBXBuildFile; fileRef = A696EA8A24A215810008D132 /* MockApiManager.swift */; };
		A696EA8D24A22EBC0008D132 /* MockServiceProtocol.swift in Sources */ = {isa = PBXBuildFile; fileRef = A696EA8C24A22EBC0008D132 /* MockServiceProtocol.swift */; };
		A696EA8F24A22EE90008D132 /* MockSearchService.swift in Sources */ = {isa = PBXBuildFile; fileRef = A696EA8E24A22EE90008D132 /* MockSearchService.swift */; };
		A696EA9124A22EFE0008D132 /* MockTrackItemService.swift in Sources */ = {isa = PBXBuildFile; fileRef = A696EA9024A22EFE0008D132 /* MockTrackItemService.swift */; };
		A6FA1EA3249FFE2100BAC327 /* TrackItemViewController.swift in Sources */ = {isa = PBXBuildFile; fileRef = A6FA1EA2249FFE2100BAC327 /* TrackItemViewController.swift */; };
		A6FA1EA6249FFEE000BAC327 /* Kingfisher in Frameworks */ = {isa = PBXBuildFile; productRef = A6FA1EA5249FFEE000BAC327 /* Kingfisher */; };
		A6FA1EA824A0032800BAC327 /* UIColor+Extension.swift in Sources */ = {isa = PBXBuildFile; fileRef = A6FA1EA724A0032800BAC327 /* UIColor+Extension.swift */; };
		A6FA1EAA24A0080F00BAC327 /* TrackItemModelController.swift in Sources */ = {isa = PBXBuildFile; fileRef = A6FA1EA924A0080F00BAC327 /* TrackItemModelController.swift */; };
		A6FA1EAC24A0089000BAC327 /* TrackItemService.swift in Sources */ = {isa = PBXBuildFile; fileRef = A6FA1EAB24A0089000BAC327 /* TrackItemService.swift */; };
		A6FA1EB024A009CC00BAC327 /* TrackItemRequest.swift in Sources */ = {isa = PBXBuildFile; fileRef = A6FA1EAF24A009CC00BAC327 /* TrackItemRequest.swift */; };
		A6FA1EB224A0C49900BAC327 /* CompleteArtist.swift in Sources */ = {isa = PBXBuildFile; fileRef = A6FA1EB124A0C49900BAC327 /* CompleteArtist.swift */; };
		A6FA1EB424A0C4BF00BAC327 /* Followers.swift in Sources */ = {isa = PBXBuildFile; fileRef = A6FA1EB324A0C4BF00BAC327 /* Followers.swift */; };
		A6FA1EB624A0E14000BAC327 /* CompleteArtistRequest.swift in Sources */ = {isa = PBXBuildFile; fileRef = A6FA1EB524A0E14000BAC327 /* CompleteArtistRequest.swift */; };
		A6FA1EBC24A1126000BAC327 /* NetworkImageView.swift in Sources */ = {isa = PBXBuildFile; fileRef = A6FA1EBB24A1126000BAC327 /* NetworkImageView.swift */; };
		A6FA1EBE24A1128500BAC327 /* UIImage+Extension.swift in Sources */ = {isa = PBXBuildFile; fileRef = A6FA1EBD24A1128500BAC327 /* UIImage+Extension.swift */; };
		A6FA1EC024A1129E00BAC327 /* Spacing.swift in Sources */ = {isa = PBXBuildFile; fileRef = A6FA1EBF24A1129E00BAC327 /* Spacing.swift */; };
		A6FA1EC224A1131D00BAC327 /* Font+Extension.swift in Sources */ = {isa = PBXBuildFile; fileRef = A6FA1EC124A1131D00BAC327 /* Font+Extension.swift */; };
		A6FA1EC924A15ED000BAC327 /* LoginViewController+Views.swift in Sources */ = {isa = PBXBuildFile; fileRef = A6FA1EC824A15ED000BAC327 /* LoginViewController+Views.swift */; };
		A6FA1ECB24A1E52200BAC327 /* TrackItemViewController+Views.swift in Sources */ = {isa = PBXBuildFile; fileRef = A6FA1ECA24A1E52100BAC327 /* TrackItemViewController+Views.swift */; };
		A6FA1ECD24A1E64C00BAC327 /* SearchResultTableView.swift in Sources */ = {isa = PBXBuildFile; fileRef = A6FA1ECC24A1E64C00BAC327 /* SearchResultTableView.swift */; };
		A6FA1ECF24A1E82500BAC327 /* SearchScreenViewController+Views.swift in Sources */ = {isa = PBXBuildFile; fileRef = A6FA1ECE24A1E82500BAC327 /* SearchScreenViewController+Views.swift */; };
		A6FA1ED124A1E83500BAC327 /* SearchScreenViewController+Search.swift in Sources */ = {isa = PBXBuildFile; fileRef = A6FA1ED024A1E83500BAC327 /* SearchScreenViewController+Search.swift */; };
		A6FA1ED324A1E84600BAC327 /* SearchScreenViewController+UITableView.swift in Sources */ = {isa = PBXBuildFile; fileRef = A6FA1ED224A1E84600BAC327 /* SearchScreenViewController+UITableView.swift */; };
/* End PBXBuildFile section */

/* Begin PBXContainerItemProxy section */
		A6345F0A249947280070D2C2 /* PBXContainerItemProxy */ = {
			isa = PBXContainerItemProxy;
			containerPortal = A6345EEB249947240070D2C2 /* Project object */;
			proxyType = 1;
			remoteGlobalIDString = A6345EF2249947250070D2C2;
			remoteInfo = TrackFinder;
		};
/* End PBXContainerItemProxy section */

/* Begin PBXFileReference section */
		A60F5686249CF6CF00156178 /* DependencyResolver.swift */ = {isa = PBXFileReference; lastKnownFileType = sourcecode.swift; path = DependencyResolver.swift; sourceTree = "<group>"; };
		A60F5688249CF74900156178 /* Data+Extension.swift */ = {isa = PBXFileReference; lastKnownFileType = sourcecode.swift; path = "Data+Extension.swift"; sourceTree = "<group>"; };
		A60F568A249CF7CC00156178 /* NetworkError.swift */ = {isa = PBXFileReference; lastKnownFileType = sourcecode.swift; path = NetworkError.swift; sourceTree = "<group>"; };
		A60F568C249E0DDB00156178 /* Date+Extension.swift */ = {isa = PBXFileReference; lastKnownFileType = sourcecode.swift; path = "Date+Extension.swift"; sourceTree = "<group>"; };
		A60F568E249E1ED300156178 /* ApiRequestOperation.swift */ = {isa = PBXFileReference; lastKnownFileType = sourcecode.swift; path = ApiRequestOperation.swift; sourceTree = "<group>"; };
		A60F5690249E1EE100156178 /* ApiOperationQueue.swift */ = {isa = PBXFileReference; lastKnownFileType = sourcecode.swift; path = ApiOperationQueue.swift; sourceTree = "<group>"; };
		A60F5692249E233A00156178 /* StandardDateFormatter.swift */ = {isa = PBXFileReference; lastKnownFileType = sourcecode.swift; path = StandardDateFormatter.swift; sourceTree = "<group>"; };
		A60F5694249E31D500156178 /* SearchModelController.swift */ = {isa = PBXFileReference; lastKnownFileType = sourcecode.swift; path = SearchModelController.swift; sourceTree = "<group>"; };
		A60F5696249E36BD00156178 /* SearchItemCell.swift */ = {isa = PBXFileReference; lastKnownFileType = sourcecode.swift; path = SearchItemCell.swift; sourceTree = "<group>"; };
		A60F5698249E38EF00156178 /* SearchService.swift */ = {isa = PBXFileReference; lastKnownFileType = sourcecode.swift; path = SearchService.swift; sourceTree = "<group>"; };
		A60F569A249E39EE00156178 /* HTTPMethod.swift */ = {isa = PBXFileReference; lastKnownFileType = sourcecode.swift; path = HTTPMethod.swift; sourceTree = "<group>"; };
		A60F569C249E3C0000156178 /* SearchTrackRequest.swift */ = {isa = PBXFileReference; lastKnownFileType = sourcecode.swift; path = SearchTrackRequest.swift; sourceTree = "<group>"; };
		A60F569F249E422F00156178 /* SearchQueryItem.swift */ = {isa = PBXFileReference; lastKnownFileType = sourcecode.swift; path = SearchQueryItem.swift; sourceTree = "<group>"; };
		A60F56A1249E488800156178 /* SearchTrackResponse.swift */ = {isa = PBXFileReference; lastKnownFileType = sourcecode.swift; path = SearchTrackResponse.swift; sourceTree = "<group>"; };
		A60F56A3249E48AF00156178 /* Tracks.swift */ = {isa = PBXFileReference; lastKnownFileType = sourcecode.swift; path = Tracks.swift; sourceTree = "<group>"; };
		A60F56A5249E48D500156178 /* TrackItem.swift */ = {isa = PBXFileReference; lastKnownFileType = sourcecode.swift; path = TrackItem.swift; sourceTree = "<group>"; };
		A60F56A7249E48FB00156178 /* Album.swift */ = {isa = PBXFileReference; lastKnownFileType = sourcecode.swift; path = Album.swift; sourceTree = "<group>"; };
		A60F56A9249E490D00156178 /* TrackArtist.swift */ = {isa = PBXFileReference; lastKnownFileType = sourcecode.swift; path = TrackArtist.swift; sourceTree = "<group>"; };
		A60F56AB249E492900156178 /* CoverImage.swift */ = {isa = PBXFileReference; lastKnownFileType = sourcecode.swift; path = CoverImage.swift; sourceTree = "<group>"; };
		A60F56AD249F4E8A00156178 /* ExternalUrl.swift */ = {isa = PBXFileReference; lastKnownFileType = sourcecode.swift; path = ExternalUrl.swift; sourceTree = "<group>"; };
		A60F56B1249FD22500156178 /* SearchErrorResponse.swift */ = {isa = PBXFileReference; lastKnownFileType = sourcecode.swift; path = SearchErrorResponse.swift; sourceTree = "<group>"; };
		A60F56B3249FD23B00156178 /* SearchError.swift */ = {isa = PBXFileReference; lastKnownFileType = sourcecode.swift; path = SearchError.swift; sourceTree = "<group>"; };
		A61B3848249C091B00286F61 /* AuthTokens.swift */ = {isa = PBXFileReference; lastKnownFileType = sourcecode.swift; path = AuthTokens.swift; sourceTree = "<group>"; };
		A61B384C249C0E5900286F61 /* RefreshTokenResponse.swift */ = {isa = PBXFileReference; lastKnownFileType = sourcecode.swift; path = RefreshTokenResponse.swift; sourceTree = "<group>"; };
		A61B3851249CE6E200286F61 /* SpotifyRequest.swift */ = {isa = PBXFileReference; lastKnownFileType = sourcecode.swift; path = SpotifyRequest.swift; sourceTree = "<group>"; };
		A61B3853249CE89C00286F61 /* URLRequest+Extension.swift */ = {isa = PBXFileReference; lastKnownFileType = sourcecode.swift; path = "URLRequest+Extension.swift"; sourceTree = "<group>"; };
		A61B3855249CE92700286F61 /* RefreshTokenRequest.swift */ = {isa = PBXFileReference; lastKnownFileType = sourcecode.swift; path = RefreshTokenRequest.swift; sourceTree = "<group>"; };
		A61B3857249CE93700286F61 /* AuthorizationRequest.swift */ = {isa = PBXFileReference; lastKnownFileType = sourcecode.swift; path = AuthorizationRequest.swift; sourceTree = "<group>"; };
		A61B3859249CE94900286F61 /* AccessTokenRequest.swift */ = {isa = PBXFileReference; lastKnownFileType = sourcecode.swift; path = AccessTokenRequest.swift; sourceTree = "<group>"; };
		A61B385C249CF28400286F61 /* RoutingPath.swift */ = {isa = PBXFileReference; lastKnownFileType = sourcecode.swift; path = RoutingPath.swift; sourceTree = "<group>"; };
		A61B385E249CF28D00286F61 /* AuthorizationQueryItem.swift */ = {isa = PBXFileReference; lastKnownFileType = sourcecode.swift; path = AuthorizationQueryItem.swift; sourceTree = "<group>"; };
		A61B3860249CF2A200286F61 /* Headers.swift */ = {isa = PBXFileReference; lastKnownFileType = sourcecode.swift; path = Headers.swift; sourceTree = "<group>"; };
		A6345EF3249947250070D2C2 /* TrackFinder.app */ = {isa = PBXFileReference; explicitFileType = wrapper.application; includeInIndex = 0; path = TrackFinder.app; sourceTree = BUILT_PRODUCTS_DIR; };
		A6345EF6249947250070D2C2 /* AppDelegate.swift */ = {isa = PBXFileReference; lastKnownFileType = sourcecode.swift; path = AppDelegate.swift; sourceTree = "<group>"; };
		A6345EF8249947250070D2C2 /* SceneDelegate.swift */ = {isa = PBXFileReference; lastKnownFileType = sourcecode.swift; path = SceneDelegate.swift; sourceTree = "<group>"; };
		A6345EFF249947280070D2C2 /* Assets.xcassets */ = {isa = PBXFileReference; lastKnownFileType = folder.assetcatalog; path = Assets.xcassets; sourceTree = "<group>"; };
		A6345F02249947280070D2C2 /* Base */ = {isa = PBXFileReference; lastKnownFileType = file.storyboard; name = Base; path = Base.lproj/LaunchScreen.storyboard; sourceTree = "<group>"; };
		A6345F04249947280070D2C2 /* Info.plist */ = {isa = PBXFileReference; lastKnownFileType = text.plist.xml; path = Info.plist; sourceTree = "<group>"; };
		A6345F09249947280070D2C2 /* TrackFinderTests.xctest */ = {isa = PBXFileReference; explicitFileType = wrapper.cfbundle; includeInIndex = 0; path = TrackFinderTests.xctest; sourceTree = BUILT_PRODUCTS_DIR; };
		A6345F0F249947280070D2C2 /* Info.plist */ = {isa = PBXFileReference; lastKnownFileType = text.plist.xml; path = Info.plist; sourceTree = "<group>"; };
		A6345F192499481F0070D2C2 /* LoginViewController.swift */ = {isa = PBXFileReference; lastKnownFileType = sourcecode.swift; path = LoginViewController.swift; sourceTree = "<group>"; };
		A6345F1F24994FA60070D2C2 /* ApiProtocol.swift */ = {isa = PBXFileReference; lastKnownFileType = sourcecode.swift; path = ApiProtocol.swift; sourceTree = "<group>"; };
		A6345F2124994FAD0070D2C2 /* ApiManager.swift */ = {isa = PBXFileReference; lastKnownFileType = sourcecode.swift; path = ApiManager.swift; sourceTree = "<group>"; };
		A6345F2324994FDF0070D2C2 /* WebApiProtocol.swift */ = {isa = PBXFileReference; lastKnownFileType = sourcecode.swift; path = WebApiProtocol.swift; sourceTree = "<group>"; };
		A6345F2524994FE70070D2C2 /* SpotifyApi.swift */ = {isa = PBXFileReference; lastKnownFileType = sourcecode.swift; path = SpotifyApi.swift; sourceTree = "<group>"; };
		A6345F44249959E00070D2C2 /* SpotifyiOS.framework */ = {isa = PBXFileReference; lastKnownFileType = wrapper.framework; path = SpotifyiOS.framework; sourceTree = "<group>"; };
		A6345F4624995A5B0070D2C2 /* TrackFinder-Bridging-Header.h */ = {isa = PBXFileReference; lastKnownFileType = sourcecode.c.h; path = "TrackFinder-Bridging-Header.h"; sourceTree = "<group>"; };
		A6345F87249A802A0070D2C2 /* SearchScreenViewController.swift */ = {isa = PBXFileReference; lastKnownFileType = sourcecode.swift; path = SearchScreenViewController.swift; sourceTree = "<group>"; };
		A6345F89249A98F20070D2C2 /* AuthTokenResponse.swift */ = {isa = PBXFileReference; lastKnownFileType = sourcecode.swift; path = AuthTokenResponse.swift; sourceTree = "<group>"; };
		A6345F8D249B89710070D2C2 /* AuthenticationService.swift */ = {isa = PBXFileReference; lastKnownFileType = sourcecode.swift; path = AuthenticationService.swift; sourceTree = "<group>"; };
		A6345F93249BB7760070D2C2 /* AppDelegate+Dependencies.swift */ = {isa = PBXFileReference; lastKnownFileType = sourcecode.swift; path = "AppDelegate+Dependencies.swift"; sourceTree = "<group>"; };
		A6345F95249BB7830070D2C2 /* SceneDelegate+SpotifyCallback.swift */ = {isa = PBXFileReference; lastKnownFileType = sourcecode.swift; path = "SceneDelegate+SpotifyCallback.swift"; sourceTree = "<group>"; };
		A6345F99249BC23C0070D2C2 /* AuthenticationError.swift */ = {isa = PBXFileReference; lastKnownFileType = sourcecode.swift; path = AuthenticationError.swift; sourceTree = "<group>"; };
		A6345F9F249C04030070D2C2 /* Environment.swift */ = {isa = PBXFileReference; lastKnownFileType = sourcecode.swift; path = Environment.swift; sourceTree = "<group>"; };
		A6345FA1249C05080070D2C2 /* String+Extension.swift */ = {isa = PBXFileReference; lastKnownFileType = sourcecode.swift; path = "String+Extension.swift"; sourceTree = "<group>"; };
		A6345FA3249C053C0070D2C2 /* String+Localization.swift */ = {isa = PBXFileReference; lastKnownFileType = sourcecode.swift; path = "String+Localization.swift"; sourceTree = "<group>"; };
		A6345FA5249C06F70070D2C2 /* UserPreferences.swift */ = {isa = PBXFileReference; lastKnownFileType = sourcecode.swift; path = UserPreferences.swift; sourceTree = "<group>"; };
		A6507CCF24A1F33400768DE2 /* QueueHelper.swift */ = {isa = PBXFileReference; lastKnownFileType = sourcecode.swift; path = QueueHelper.swift; sourceTree = "<group>"; };
		A696EA6324A1F6380008D132 /* SceneDelegateHelper.swift */ = {isa = PBXFileReference; lastKnownFileType = sourcecode.swift; path = SceneDelegateHelper.swift; sourceTree = "<group>"; };
		A696EA6624A1FC140008D132 /* SearchModelHelper.swift */ = {isa = PBXFileReference; lastKnownFileType = sourcecode.swift; path = SearchModelHelper.swift; sourceTree = "<group>"; };
		A696EA6C24A206460008D132 /* SpotifyRequestTests.swift */ = {isa = PBXFileReference; lastKnownFileType = sourcecode.swift; path = SpotifyRequestTests.swift; sourceTree = "<group>"; };
		A696EA6F24A206C70008D132 /* RoutingPathTests.swift */ = {isa = PBXFileReference; lastKnownFileType = sourcecode.swift; path = RoutingPathTests.swift; sourceTree = "<group>"; };
		A696EA7124A206E60008D132 /* URLRequestTests.swift */ = {isa = PBXFileReference; lastKnownFileType = sourcecode.swift; path = URLRequestTests.swift; sourceTree = "<group>"; };
		A696EA7324A2072D0008D132 /* AuthenticationServiceTests.swift */ = {isa = PBXFileReference; lastKnownFileType = sourcecode.swift; path = AuthenticationServiceTests.swift; sourceTree = "<group>"; };
		A696EA7524A207350008D132 /* SearchServiceTests.swift */ = {isa = PBXFileReference; lastKnownFileType = sourcecode.swift; path = SearchServiceTests.swift; sourceTree = "<group>"; };
		A696EA7724A207400008D132 /* TrackItemServiceTests.swift */ = {isa = PBXFileReference; lastKnownFileType = sourcecode.swift; path = TrackItemServiceTests.swift; sourceTree = "<group>"; };
		A696EA7924A2075B0008D132 /* SearchModelControllerTests.swift */ = {isa = PBXFileReference; lastKnownFileType = sourcecode.swift; path = SearchModelControllerTests.swift; sourceTree = "<group>"; };
		A696EA7B24A207690008D132 /* TrackItemModelControllerTests.swift */ = {isa = PBXFileReference; lastKnownFileType = sourcecode.swift; path = TrackItemModelControllerTests.swift; sourceTree = "<group>"; };
		A696EA7D24A2077C0008D132 /* SearchModelHelperTests.swift */ = {isa = PBXFileReference; lastKnownFileType = sourcecode.swift; path = SearchModelHelperTests.swift; sourceTree = "<group>"; };
		A696EA7F24A207840008D132 /* QueueHelperTests.swift */ = {isa = PBXFileReference; lastKnownFileType = sourcecode.swift; path = QueueHelperTests.swift; sourceTree = "<group>"; };
		A696EA8124A207950008D132 /* SceneDelegateHelperTests.swift */ = {isa = PBXFileReference; lastKnownFileType = sourcecode.swift; path = SceneDelegateHelperTests.swift; sourceTree = "<group>"; };
		A696EA8424A211A70008D132 /* MockSpotifyRequest.swift */ = {isa = PBXFileReference; lastKnownFileType = sourcecode.swift; path = MockSpotifyRequest.swift; sourceTree = "<group>"; };
		A696EA8824A2142C0008D132 /* MockApi.swift */ = {isa = PBXFileReference; lastKnownFileType = sourcecode.swift; path = MockApi.swift; sourceTree = "<group>"; };
		A696EA8A24A215810008D132 /* MockApiManager.swift */ = {isa = PBXFileReference; lastKnownFileType = sourcecode.swift; path = MockApiManager.swift; sourceTree = "<group>"; };
		A696EA8C24A22EBC0008D132 /* MockServiceProtocol.swift */ = {isa = PBXFileReference; lastKnownFileType = sourcecode.swift; path = MockServiceProtocol.swift; sourceTree = "<group>"; };
		A696EA8E24A22EE90008D132 /* MockSearchService.swift */ = {isa = PBXFileReference; lastKnownFileType = sourcecode.swift; path = MockSearchService.swift; sourceTree = "<group>"; };
		A696EA9024A22EFE0008D132 /* MockTrackItemService.swift */ = {isa = PBXFileReference; lastKnownFileType = sourcecode.swift; path = MockTrackItemService.swift; sourceTree = "<group>"; };
		A6FA1EA2249FFE2100BAC327 /* TrackItemViewController.swift */ = {isa = PBXFileReference; lastKnownFileType = sourcecode.swift; path = TrackItemViewController.swift; sourceTree = "<group>"; };
		A6FA1EA724A0032800BAC327 /* UIColor+Extension.swift */ = {isa = PBXFileReference; lastKnownFileType = sourcecode.swift; path = "UIColor+Extension.swift"; sourceTree = "<group>"; };
		A6FA1EA924A0080F00BAC327 /* TrackItemModelController.swift */ = {isa = PBXFileReference; lastKnownFileType = sourcecode.swift; path = TrackItemModelController.swift; sourceTree = "<group>"; };
		A6FA1EAB24A0089000BAC327 /* TrackItemService.swift */ = {isa = PBXFileReference; lastKnownFileType = sourcecode.swift; path = TrackItemService.swift; sourceTree = "<group>"; };
		A6FA1EAF24A009CC00BAC327 /* TrackItemRequest.swift */ = {isa = PBXFileReference; lastKnownFileType = sourcecode.swift; path = TrackItemRequest.swift; sourceTree = "<group>"; };
		A6FA1EB124A0C49900BAC327 /* CompleteArtist.swift */ = {isa = PBXFileReference; lastKnownFileType = sourcecode.swift; path = CompleteArtist.swift; sourceTree = "<group>"; };
		A6FA1EB324A0C4BF00BAC327 /* Followers.swift */ = {isa = PBXFileReference; lastKnownFileType = sourcecode.swift; path = Followers.swift; sourceTree = "<group>"; };
		A6FA1EB524A0E14000BAC327 /* CompleteArtistRequest.swift */ = {isa = PBXFileReference; lastKnownFileType = sourcecode.swift; path = CompleteArtistRequest.swift; sourceTree = "<group>"; };
		A6FA1EBB24A1126000BAC327 /* NetworkImageView.swift */ = {isa = PBXFileReference; lastKnownFileType = sourcecode.swift; path = NetworkImageView.swift; sourceTree = "<group>"; };
		A6FA1EBD24A1128500BAC327 /* UIImage+Extension.swift */ = {isa = PBXFileReference; lastKnownFileType = sourcecode.swift; path = "UIImage+Extension.swift"; sourceTree = "<group>"; };
		A6FA1EBF24A1129E00BAC327 /* Spacing.swift */ = {isa = PBXFileReference; lastKnownFileType = sourcecode.swift; path = Spacing.swift; sourceTree = "<group>"; };
		A6FA1EC124A1131D00BAC327 /* Font+Extension.swift */ = {isa = PBXFileReference; lastKnownFileType = sourcecode.swift; path = "Font+Extension.swift"; sourceTree = "<group>"; };
		A6FA1EC824A15ED000BAC327 /* LoginViewController+Views.swift */ = {isa = PBXFileReference; lastKnownFileType = sourcecode.swift; path = "LoginViewController+Views.swift"; sourceTree = "<group>"; };
		A6FA1ECA24A1E52100BAC327 /* TrackItemViewController+Views.swift */ = {isa = PBXFileReference; lastKnownFileType = sourcecode.swift; path = "TrackItemViewController+Views.swift"; sourceTree = "<group>"; };
		A6FA1ECC24A1E64C00BAC327 /* SearchResultTableView.swift */ = {isa = PBXFileReference; lastKnownFileType = sourcecode.swift; path = SearchResultTableView.swift; sourceTree = "<group>"; };
		A6FA1ECE24A1E82500BAC327 /* SearchScreenViewController+Views.swift */ = {isa = PBXFileReference; lastKnownFileType = sourcecode.swift; path = "SearchScreenViewController+Views.swift"; sourceTree = "<group>"; };
		A6FA1ED024A1E83500BAC327 /* SearchScreenViewController+Search.swift */ = {isa = PBXFileReference; lastKnownFileType = sourcecode.swift; path = "SearchScreenViewController+Search.swift"; sourceTree = "<group>"; };
		A6FA1ED224A1E84600BAC327 /* SearchScreenViewController+UITableView.swift */ = {isa = PBXFileReference; lastKnownFileType = sourcecode.swift; path = "SearchScreenViewController+UITableView.swift"; sourceTree = "<group>"; };
/* End PBXFileReference section */

/* Begin PBXFrameworksBuildPhase section */
		A6345EF0249947250070D2C2 /* Frameworks */ = {
			isa = PBXFrameworksBuildPhase;
			buildActionMask = 2147483647;
			files = (
				A6345F1D249948840070D2C2 /* SnapKit in Frameworks */,
				A6345F45249959E00070D2C2 /* SpotifyiOS.framework in Frameworks */,
				A6345F86249A72A90070D2C2 /* SwiftyBeaver in Frameworks */,
				A6345F91249BB7410070D2C2 /* Swinject in Frameworks */,
				A6FA1EA6249FFEE000BAC327 /* Kingfisher in Frameworks */,
			);
			runOnlyForDeploymentPostprocessing = 0;
		};
		A6345F06249947280070D2C2 /* Frameworks */ = {
			isa = PBXFrameworksBuildPhase;
			buildActionMask = 2147483647;
			files = (
			);
			runOnlyForDeploymentPostprocessing = 0;
		};
/* End PBXFrameworksBuildPhase section */

/* Begin PBXGroup section */
		A60F5685249CF6B900156178 /* Controls */ = {
			isa = PBXGroup;
			children = (
				A6345F9E249C03F80070D2C2 /* General */,
				A6FA1EBA24A1124F00BAC327 /* Utils */,
				A6FA1EB924A1124800BAC327 /* Enums */,
				A6FA1EB824A1124100BAC327 /* Views */,
				A6FA1EB724A1123900BAC327 /* Protocols */,
			);
			path = Controls;
			sourceTree = "<group>";
		};
		A60F569E249E3C0900156178 /* AuthenticationRequests */ = {
			isa = PBXGroup;
			children = (
				A61B385E249CF28D00286F61 /* AuthorizationQueryItem.swift */,
				A61B3855249CE92700286F61 /* RefreshTokenRequest.swift */,
				A61B3859249CE94900286F61 /* AccessTokenRequest.swift */,
				A61B3857249CE93700286F61 /* AuthorizationRequest.swift */,
			);
			path = AuthenticationRequests;
			sourceTree = "<group>";
		};
		A60F56AF249F502600156178 /* Authentication */ = {
			isa = PBXGroup;
			children = (
				A6345F89249A98F20070D2C2 /* AuthTokenResponse.swift */,
				A61B384C249C0E5900286F61 /* RefreshTokenResponse.swift */,
				A61B3848249C091B00286F61 /* AuthTokens.swift */,
			);
			path = Authentication;
			sourceTree = "<group>";
		};
		A60F56B0249F503300156178 /* Search */ = {
			isa = PBXGroup;
			children = (
				A60F56A1249E488800156178 /* SearchTrackResponse.swift */,
				A60F56A3249E48AF00156178 /* Tracks.swift */,
				A60F56A5249E48D500156178 /* TrackItem.swift */,
				A60F56A7249E48FB00156178 /* Album.swift */,
				A60F56A9249E490D00156178 /* TrackArtist.swift */,
				A6FA1EB324A0C4BF00BAC327 /* Followers.swift */,
				A60F56AB249E492900156178 /* CoverImage.swift */,
				A60F56AD249F4E8A00156178 /* ExternalUrl.swift */,
			);
			path = Search;
			sourceTree = "<group>";
		};
		A61B3850249CE6C700286F61 /* Requests */ = {
			isa = PBXGroup;
			children = (
				A61B385B249CF27400286F61 /* RequestUtils */,
				A61B3851249CE6E200286F61 /* SpotifyRequest.swift */,
				A60F569E249E3C0900156178 /* AuthenticationRequests */,
				A6FA1EAD24A009A900BAC327 /* SearchRequests */,
				A6FA1EAE24A009B300BAC327 /* TrackItemRequests */,
			);
			path = Requests;
			sourceTree = "<group>";
		};
		A61B385B249CF27400286F61 /* RequestUtils */ = {
			isa = PBXGroup;
			children = (
				A61B385C249CF28400286F61 /* RoutingPath.swift */,
				A61B3860249CF2A200286F61 /* Headers.swift */,
				A60F569A249E39EE00156178 /* HTTPMethod.swift */,
			);
			path = RequestUtils;
			sourceTree = "<group>";
		};
		A6345EEA249947240070D2C2 = {
			isa = PBXGroup;
			children = (
				A6345EF5249947250070D2C2 /* TrackFinder */,
				A6345F0C249947280070D2C2 /* TrackFinderTests */,
				A6345EF4249947250070D2C2 /* Products */,
				A6345F44249959E00070D2C2 /* SpotifyiOS.framework */,
				A6345F4624995A5B0070D2C2 /* TrackFinder-Bridging-Header.h */,
			);
			sourceTree = "<group>";
		};
		A6345EF4249947250070D2C2 /* Products */ = {
			isa = PBXGroup;
			children = (
				A6345EF3249947250070D2C2 /* TrackFinder.app */,
				A6345F09249947280070D2C2 /* TrackFinderTests.xctest */,
			);
			name = Products;
			sourceTree = "<group>";
		};
		A6345EF5249947250070D2C2 /* TrackFinder */ = {
			isa = PBXGroup;
			children = (
				A6345F1E24994F990070D2C2 /* Networking */,
				A6345F92249BB7580070D2C2 /* Models */,
				A6345F182499480F0070D2C2 /* ViewControllers */,
				A6345F29249950000070D2C2 /* ModelControllers */,
				A6345F2824994FF50070D2C2 /* Services */,
				A6345F2A2499500A0070D2C2 /* Views */,
				A6345F2724994FEB0070D2C2 /* Extensions */,
				A60F5685249CF6B900156178 /* Controls */,
				A6345F2B249950520070D2C2 /* AppDelegate */,
				A6345EFF249947280070D2C2 /* Assets.xcassets */,
				A6345F01249947280070D2C2 /* LaunchScreen.storyboard */,
				A6345F04249947280070D2C2 /* Info.plist */,
			);
			path = TrackFinder;
			sourceTree = "<group>";
		};
		A6345F0C249947280070D2C2 /* TrackFinderTests */ = {
			isa = PBXGroup;
			children = (
				A696EA8324A211980008D132 /* Utils */,
				A696EA6B24A2056E0008D132 /* Networking */,
				A696EA6A24A2041E0008D132 /* ExtensionTests */,
				A696EA6924A202FF0008D132 /* ServiceTests */,
				A696EA6824A202ED0008D132 /* ModelControllerTests */,
				A696EA6524A1FBA50008D132 /* HelperTests */,
				A6345F0F249947280070D2C2 /* Info.plist */,
			);
			path = TrackFinderTests;
			sourceTree = "<group>";
		};
		A6345F182499480F0070D2C2 /* ViewControllers */ = {
			isa = PBXGroup;
			children = (
				A6FA1ED424A1E8A300BAC327 /* Login */,
				A6FA1ED524A1E8AF00BAC327 /* Search */,
				A6FA1ED624A1E8C200BAC327 /* TrackItem */,
			);
			path = ViewControllers;
			sourceTree = "<group>";
		};
		A6345F1E24994F990070D2C2 /* Networking */ = {
			isa = PBXGroup;
			children = (
				A61B3850249CE6C700286F61 /* Requests */,
				A6507CCD24A1F31C00768DE2 /* API */,
				A6507CCE24A1F32400768DE2 /* Operations */,
			);
			path = Networking;
			sourceTree = "<group>";
		};
		A6345F2724994FEB0070D2C2 /* Extensions */ = {
			isa = PBXGroup;
			children = (
				A6345FA1249C05080070D2C2 /* String+Extension.swift */,
				A6345FA3249C053C0070D2C2 /* String+Localization.swift */,
				A61B3853249CE89C00286F61 /* URLRequest+Extension.swift */,
				A60F5688249CF74900156178 /* Data+Extension.swift */,
				A60F568C249E0DDB00156178 /* Date+Extension.swift */,
				A6FA1EA724A0032800BAC327 /* UIColor+Extension.swift */,
				A6FA1EBD24A1128500BAC327 /* UIImage+Extension.swift */,
				A6FA1EC124A1131D00BAC327 /* Font+Extension.swift */,
			);
			path = Extensions;
			sourceTree = "<group>";
		};
		A6345F2824994FF50070D2C2 /* Services */ = {
			isa = PBXGroup;
			children = (
				A6345F8D249B89710070D2C2 /* AuthenticationService.swift */,
				A60F5698249E38EF00156178 /* SearchService.swift */,
				A6FA1EAB24A0089000BAC327 /* TrackItemService.swift */,
			);
			path = Services;
			sourceTree = "<group>";
		};
		A6345F29249950000070D2C2 /* ModelControllers */ = {
			isa = PBXGroup;
			children = (
				A60F5694249E31D500156178 /* SearchModelController.swift */,
				A696EA6624A1FC140008D132 /* SearchModelHelper.swift */,
				A6FA1EA924A0080F00BAC327 /* TrackItemModelController.swift */,
			);
			path = ModelControllers;
			sourceTree = "<group>";
		};
		A6345F2A2499500A0070D2C2 /* Views */ = {
			isa = PBXGroup;
			children = (
				A6FA1EC424A15D4B00BAC327 /* SearchScreenViews */,
			);
			path = Views;
			sourceTree = "<group>";
		};
		A6345F2B249950520070D2C2 /* AppDelegate */ = {
			isa = PBXGroup;
			children = (
				A6345EF6249947250070D2C2 /* AppDelegate.swift */,
				A6345F93249BB7760070D2C2 /* AppDelegate+Dependencies.swift */,
				A6345EF8249947250070D2C2 /* SceneDelegate.swift */,
				A6345F95249BB7830070D2C2 /* SceneDelegate+SpotifyCallback.swift */,
				A696EA6324A1F6380008D132 /* SceneDelegateHelper.swift */,
			);
			path = AppDelegate;
			sourceTree = "<group>";
		};
		A6345F92249BB7580070D2C2 /* Models */ = {
			isa = PBXGroup;
			children = (
				A6DB5ED824A1F011004DE08F /* Errors */,
				A60F56AF249F502600156178 /* Authentication */,
				A60F56B0249F503300156178 /* Search */,
				A6DB5ED924A1F036004DE08F /* Artist */,
			);
			path = Models;
			sourceTree = "<group>";
		};
		A6345F9E249C03F80070D2C2 /* General */ = {
			isa = PBXGroup;
			children = (
				A6345F9F249C04030070D2C2 /* Environment.swift */,
				A6345FA5249C06F70070D2C2 /* UserPreferences.swift */,
			);
			path = General;
			sourceTree = "<group>";
		};
		A6507CCD24A1F31C00768DE2 /* API */ = {
			isa = PBXGroup;
			children = (
				A6345F1F24994FA60070D2C2 /* ApiProtocol.swift */,
				A6345F2124994FAD0070D2C2 /* ApiManager.swift */,
				A6345F2324994FDF0070D2C2 /* WebApiProtocol.swift */,
				A6345F2524994FE70070D2C2 /* SpotifyApi.swift */,
			);
			path = API;
			sourceTree = "<group>";
		};
		A6507CCE24A1F32400768DE2 /* Operations */ = {
			isa = PBXGroup;
			children = (
				A60F568E249E1ED300156178 /* ApiRequestOperation.swift */,
				A60F5690249E1EE100156178 /* ApiOperationQueue.swift */,
				A6507CCF24A1F33400768DE2 /* QueueHelper.swift */,
			);
			path = Operations;
			sourceTree = "<group>";
		};
		A696EA6524A1FBA50008D132 /* HelperTests */ = {
			isa = PBXGroup;
			children = (
				A696EA7D24A2077C0008D132 /* SearchModelHelperTests.swift */,
				A696EA7F24A207840008D132 /* QueueHelperTests.swift */,
				A696EA8124A207950008D132 /* SceneDelegateHelperTests.swift */,
			);
			path = HelperTests;
			sourceTree = "<group>";
		};
		A696EA6824A202ED0008D132 /* ModelControllerTests */ = {
			isa = PBXGroup;
			children = (
				A696EA7924A2075B0008D132 /* SearchModelControllerTests.swift */,
				A696EA7B24A207690008D132 /* TrackItemModelControllerTests.swift */,
			);
			path = ModelControllerTests;
			sourceTree = "<group>";
		};
		A696EA6924A202FF0008D132 /* ServiceTests */ = {
			isa = PBXGroup;
			children = (
				A696EA7324A2072D0008D132 /* AuthenticationServiceTests.swift */,
				A696EA7524A207350008D132 /* SearchServiceTests.swift */,
				A696EA7724A207400008D132 /* TrackItemServiceTests.swift */,
			);
			path = ServiceTests;
			sourceTree = "<group>";
		};
		A696EA6A24A2041E0008D132 /* ExtensionTests */ = {
			isa = PBXGroup;
			children = (
				A696EA7124A206E60008D132 /* URLRequestTests.swift */,
			);
			path = ExtensionTests;
			sourceTree = "<group>";
		};
		A696EA6B24A2056E0008D132 /* Networking */ = {
			isa = PBXGroup;
			children = (
				A696EA6C24A206460008D132 /* SpotifyRequestTests.swift */,
				A696EA6F24A206C70008D132 /* RoutingPathTests.swift */,
			);
			path = Networking;
			sourceTree = "<group>";
		};
		A696EA8324A211980008D132 /* Utils */ = {
			isa = PBXGroup;
			children = (
				A696EA8424A211A70008D132 /* MockSpotifyRequest.swift */,
				A696EA9224A230500008D132 /* MockServices */,
				A696EA8824A2142C0008D132 /* MockApi.swift */,
				A696EA8A24A215810008D132 /* MockApiManager.swift */,
			);
			path = Utils;
			sourceTree = "<group>";
		};
		A696EA9224A230500008D132 /* MockServices */ = {
			isa = PBXGroup;
			children = (
				A696EA8E24A22EE90008D132 /* MockSearchService.swift */,
				A696EA9024A22EFE0008D132 /* MockTrackItemService.swift */,
				A696EA8C24A22EBC0008D132 /* MockServiceProtocol.swift */,
			);
			path = MockServices;
			sourceTree = "<group>";
		};
		A6DB5ED824A1F011004DE08F /* Errors */ = {
			isa = PBXGroup;
			children = (
				A6345F99249BC23C0070D2C2 /* AuthenticationError.swift */,
				A60F56B1249FD22500156178 /* SearchErrorResponse.swift */,
				A60F56B3249FD23B00156178 /* SearchError.swift */,
			);
			path = Errors;
			sourceTree = "<group>";
		};
		A6DB5ED924A1F036004DE08F /* Artist */ = {
			isa = PBXGroup;
			children = (
				A6FA1EB124A0C49900BAC327 /* CompleteArtist.swift */,
			);
			path = Artist;
			sourceTree = "<group>";
		};
		A6FA1EAD24A009A900BAC327 /* SearchRequests */ = {
			isa = PBXGroup;
			children = (
				A60F569C249E3C0000156178 /* SearchTrackRequest.swift */,
				A60F569F249E422F00156178 /* SearchQueryItem.swift */,
			);
			path = SearchRequests;
			sourceTree = "<group>";
		};
		A6FA1EAE24A009B300BAC327 /* TrackItemRequests */ = {
			isa = PBXGroup;
			children = (
				A6FA1EAF24A009CC00BAC327 /* TrackItemRequest.swift */,
				A6FA1EB524A0E14000BAC327 /* CompleteArtistRequest.swift */,
			);
			path = TrackItemRequests;
			sourceTree = "<group>";
		};
		A6FA1EB724A1123900BAC327 /* Protocols */ = {
			isa = PBXGroup;
			children = (
				A60F5686249CF6CF00156178 /* DependencyResolver.swift */,
			);
			path = Protocols;
			sourceTree = "<group>";
		};
		A6FA1EB824A1124100BAC327 /* Views */ = {
			isa = PBXGroup;
			children = (
				A6FA1EBB24A1126000BAC327 /* NetworkImageView.swift */,
			);
			path = Views;
			sourceTree = "<group>";
		};
		A6FA1EB924A1124800BAC327 /* Enums */ = {
			isa = PBXGroup;
			children = (
				A60F568A249CF7CC00156178 /* NetworkError.swift */,
				A6FA1EBF24A1129E00BAC327 /* Spacing.swift */,
			);
			path = Enums;
			sourceTree = "<group>";
		};
		A6FA1EBA24A1124F00BAC327 /* Utils */ = {
			isa = PBXGroup;
			children = (
				A60F5692249E233A00156178 /* StandardDateFormatter.swift */,
			);
			path = Utils;
			sourceTree = "<group>";
		};
		A6FA1EC424A15D4B00BAC327 /* SearchScreenViews */ = {
			isa = PBXGroup;
			children = (
				A60F5696249E36BD00156178 /* SearchItemCell.swift */,
				A6FA1ECC24A1E64C00BAC327 /* SearchResultTableView.swift */,
			);
			path = SearchScreenViews;
			sourceTree = "<group>";
		};
		A6FA1ED424A1E8A300BAC327 /* Login */ = {
			isa = PBXGroup;
			children = (
				A6345F192499481F0070D2C2 /* LoginViewController.swift */,
				A6FA1EC824A15ED000BAC327 /* LoginViewController+Views.swift */,
			);
			path = Login;
			sourceTree = "<group>";
		};
		A6FA1ED524A1E8AF00BAC327 /* Search */ = {
			isa = PBXGroup;
			children = (
				A6345F87249A802A0070D2C2 /* SearchScreenViewController.swift */,
				A6FA1ECE24A1E82500BAC327 /* SearchScreenViewController+Views.swift */,
				A6FA1ED024A1E83500BAC327 /* SearchScreenViewController+Search.swift */,
				A6FA1ED224A1E84600BAC327 /* SearchScreenViewController+UITableView.swift */,
			);
			path = Search;
			sourceTree = "<group>";
		};
		A6FA1ED624A1E8C200BAC327 /* TrackItem */ = {
			isa = PBXGroup;
			children = (
				A6FA1EA2249FFE2100BAC327 /* TrackItemViewController.swift */,
				A6FA1ECA24A1E52100BAC327 /* TrackItemViewController+Views.swift */,
			);
			path = TrackItem;
			sourceTree = "<group>";
		};
/* End PBXGroup section */

/* Begin PBXNativeTarget section */
		A6345EF2249947250070D2C2 /* TrackFinder */ = {
			isa = PBXNativeTarget;
			buildConfigurationList = A6345F12249947280070D2C2 /* Build configuration list for PBXNativeTarget "TrackFinder" */;
			buildPhases = (
				A6345F9D249C028C0070D2C2 /* Run SwiftLint */,
				A6345EEF249947250070D2C2 /* Sources */,
				A6345EF0249947250070D2C2 /* Frameworks */,
				A6345EF1249947250070D2C2 /* Resources */,
			);
			buildRules = (
			);
			dependencies = (
			);
			name = TrackFinder;
			packageProductDependencies = (
				A6345F1C249948840070D2C2 /* SnapKit */,
				A6345F85249A72A90070D2C2 /* SwiftyBeaver */,
				A6345F90249BB7400070D2C2 /* Swinject */,
				A6FA1EA5249FFEE000BAC327 /* Kingfisher */,
			);
			productName = TrackFinder;
			productReference = A6345EF3249947250070D2C2 /* TrackFinder.app */;
			productType = "com.apple.product-type.application";
		};
		A6345F08249947280070D2C2 /* TrackFinderTests */ = {
			isa = PBXNativeTarget;
			buildConfigurationList = A6345F15249947280070D2C2 /* Build configuration list for PBXNativeTarget "TrackFinderTests" */;
			buildPhases = (
				A6345F05249947280070D2C2 /* Sources */,
				A6345F06249947280070D2C2 /* Frameworks */,
				A6345F07249947280070D2C2 /* Resources */,
			);
			buildRules = (
			);
			dependencies = (
				A6345F0B249947280070D2C2 /* PBXTargetDependency */,
			);
			name = TrackFinderTests;
			productName = TrackFinderTests;
			productReference = A6345F09249947280070D2C2 /* TrackFinderTests.xctest */;
			productType = "com.apple.product-type.bundle.unit-test";
		};
/* End PBXNativeTarget section */

/* Begin PBXProject section */
		A6345EEB249947240070D2C2 /* Project object */ = {
			isa = PBXProject;
			attributes = {
				LastSwiftUpdateCheck = 1150;
				LastUpgradeCheck = 1150;
				ORGANIZATIONNAME = Nihoo;
				TargetAttributes = {
					A6345EF2249947250070D2C2 = {
						CreatedOnToolsVersion = 11.5;
						LastSwiftMigration = 1150;
					};
					A6345F08249947280070D2C2 = {
						CreatedOnToolsVersion = 11.5;
						TestTargetID = A6345EF2249947250070D2C2;
					};
				};
			};
			buildConfigurationList = A6345EEE249947240070D2C2 /* Build configuration list for PBXProject "TrackFinder" */;
			compatibilityVersion = "Xcode 9.3";
			developmentRegion = en;
			hasScannedForEncodings = 0;
			knownRegions = (
				en,
				Base,
			);
			mainGroup = A6345EEA249947240070D2C2;
			packageReferences = (
				A6345F1B249948840070D2C2 /* XCRemoteSwiftPackageReference "SnapKit" */,
				A6345F84249A72A90070D2C2 /* XCRemoteSwiftPackageReference "SwiftyBeaver" */,
				A6345F8F249BB7400070D2C2 /* XCRemoteSwiftPackageReference "Swinject" */,
				A6FA1EA4249FFEE000BAC327 /* XCRemoteSwiftPackageReference "Kingfisher" */,
			);
			productRefGroup = A6345EF4249947250070D2C2 /* Products */;
			projectDirPath = "";
			projectRoot = "";
			targets = (
				A6345EF2249947250070D2C2 /* TrackFinder */,
				A6345F08249947280070D2C2 /* TrackFinderTests */,
			);
		};
/* End PBXProject section */

/* Begin PBXResourcesBuildPhase section */
		A6345EF1249947250070D2C2 /* Resources */ = {
			isa = PBXResourcesBuildPhase;
			buildActionMask = 2147483647;
			files = (
				A6345F03249947280070D2C2 /* LaunchScreen.storyboard in Resources */,
				A6345F00249947280070D2C2 /* Assets.xcassets in Resources */,
			);
			runOnlyForDeploymentPostprocessing = 0;
		};
		A6345F07249947280070D2C2 /* Resources */ = {
			isa = PBXResourcesBuildPhase;
			buildActionMask = 2147483647;
			files = (
			);
			runOnlyForDeploymentPostprocessing = 0;
		};
/* End PBXResourcesBuildPhase section */

/* Begin PBXShellScriptBuildPhase section */
		A6345F9D249C028C0070D2C2 /* Run SwiftLint */ = {
			isa = PBXShellScriptBuildPhase;
			buildActionMask = 2147483647;
			files = (
			);
			inputFileListPaths = (
			);
			inputPaths = (
			);
			name = "Run SwiftLint";
			outputFileListPaths = (
			);
			outputPaths = (
			);
			runOnlyForDeploymentPostprocessing = 0;
			shellPath = /bin/sh;
			shellScript = "# Type a script or drag a script file from your workspace to insert its path.\nif which swiftlint >/dev/null; then\nswiftlint --config ../.swiftlint.yml\nelse\n    echo \"warning: SwiftLint not installed, download from https://github.com/realm/SwiftLint\"\nfi\n";
		};
/* End PBXShellScriptBuildPhase section */

/* Begin PBXSourcesBuildPhase section */
		A6345EEF249947250070D2C2 /* Sources */ = {
			isa = PBXSourcesBuildPhase;
			buildActionMask = 2147483647;
			files = (
				A6345F2624994FE70070D2C2 /* SpotifyApi.swift in Sources */,
				A60F568B249CF7CC00156178 /* NetworkError.swift in Sources */,
				A60F56B4249FD23B00156178 /* SearchError.swift in Sources */,
				A61B3854249CE89C00286F61 /* URLRequest+Extension.swift in Sources */,
				A60F56AA249E490D00156178 /* TrackArtist.swift in Sources */,
				A6345F2024994FA60070D2C2 /* ApiProtocol.swift in Sources */,
				A60F56AE249F4E8A00156178 /* ExternalUrl.swift in Sources */,
				A60F56A6249E48D500156178 /* TrackItem.swift in Sources */,
				A61B3861249CF2A200286F61 /* Headers.swift in Sources */,
				A6FA1EC924A15ED000BAC327 /* LoginViewController+Views.swift in Sources */,
				A61B3852249CE6E200286F61 /* SpotifyRequest.swift in Sources */,
				A60F5697249E36BD00156178 /* SearchItemCell.swift in Sources */,
				A60F5689249CF74900156178 /* Data+Extension.swift in Sources */,
				A6345F88249A802A0070D2C2 /* SearchScreenViewController.swift in Sources */,
				A6FA1ECD24A1E64C00BAC327 /* SearchResultTableView.swift in Sources */,
				A61B385D249CF28400286F61 /* RoutingPath.swift in Sources */,
				A6FA1EB024A009CC00BAC327 /* TrackItemRequest.swift in Sources */,
				A6FA1EB424A0C4BF00BAC327 /* Followers.swift in Sources */,
				A6FA1ECF24A1E82500BAC327 /* SearchScreenViewController+Views.swift in Sources */,
				A60F5693249E233A00156178 /* StandardDateFormatter.swift in Sources */,
				A6FA1EC024A1129E00BAC327 /* Spacing.swift in Sources */,
				A60F56A0249E422F00156178 /* SearchQueryItem.swift in Sources */,
				A61B3858249CE93700286F61 /* AuthorizationRequest.swift in Sources */,
				A61B3849249C091B00286F61 /* AuthTokens.swift in Sources */,
				A60F5699249E38EF00156178 /* SearchService.swift in Sources */,
				A6FA1EAC24A0089000BAC327 /* TrackItemService.swift in Sources */,
				A6345F8E249B89710070D2C2 /* AuthenticationService.swift in Sources */,
				A696EA6724A1FC140008D132 /* SearchModelHelper.swift in Sources */,
				A60F56B2249FD22500156178 /* SearchErrorResponse.swift in Sources */,
				A6FA1ECB24A1E52200BAC327 /* TrackItemViewController+Views.swift in Sources */,
				A6FA1EA824A0032800BAC327 /* UIColor+Extension.swift in Sources */,
				A6345F8A249A98F20070D2C2 /* AuthTokenResponse.swift in Sources */,
				A61B3856249CE92700286F61 /* RefreshTokenRequest.swift in Sources */,
				A60F56A8249E48FB00156178 /* Album.swift in Sources */,
				A6FA1EC224A1131D00BAC327 /* Font+Extension.swift in Sources */,
				A6345F1A2499481F0070D2C2 /* LoginViewController.swift in Sources */,
				A6FA1EA3249FFE2100BAC327 /* TrackItemViewController.swift in Sources */,
				A60F56A2249E488800156178 /* SearchTrackResponse.swift in Sources */,
				A60F569D249E3C0000156178 /* SearchTrackRequest.swift in Sources */,
				A6345FA6249C06F70070D2C2 /* UserPreferences.swift in Sources */,
				A6FA1EAA24A0080F00BAC327 /* TrackItemModelController.swift in Sources */,
				A60F56AC249E492900156178 /* CoverImage.swift in Sources */,
				A6345F9A249BC23C0070D2C2 /* AuthenticationError.swift in Sources */,
				A60F5687249CF6CF00156178 /* DependencyResolver.swift in Sources */,
				A60F568F249E1ED300156178 /* ApiRequestOperation.swift in Sources */,
				A6FA1ED124A1E83500BAC327 /* SearchScreenViewController+Search.swift in Sources */,
				A60F5691249E1EE100156178 /* ApiOperationQueue.swift in Sources */,
				A60F569B249E39EE00156178 /* HTTPMethod.swift in Sources */,
				A60F56A4249E48AF00156178 /* Tracks.swift in Sources */,
				A6345F2224994FAD0070D2C2 /* ApiManager.swift in Sources */,
				A6345FA2249C05080070D2C2 /* String+Extension.swift in Sources */,
				A6FA1ED324A1E84600BAC327 /* SearchScreenViewController+UITableView.swift in Sources */,
				A6345F2424994FDF0070D2C2 /* WebApiProtocol.swift in Sources */,
				A61B384D249C0E5900286F61 /* RefreshTokenResponse.swift in Sources */,
				A60F5695249E31D500156178 /* SearchModelController.swift in Sources */,
				A60F568D249E0DDB00156178 /* Date+Extension.swift in Sources */,
				A696EA6424A1F6380008D132 /* SceneDelegateHelper.swift in Sources */,
				A6FA1EBE24A1128500BAC327 /* UIImage+Extension.swift in Sources */,
				A6345F96249BB7830070D2C2 /* SceneDelegate+SpotifyCallback.swift in Sources */,
				A6345EF7249947250070D2C2 /* AppDelegate.swift in Sources */,
				A6FA1EB624A0E14000BAC327 /* CompleteArtistRequest.swift in Sources */,
				A61B385F249CF28D00286F61 /* AuthorizationQueryItem.swift in Sources */,
				A6345EF9249947250070D2C2 /* SceneDelegate.swift in Sources */,
				A6507CD024A1F33400768DE2 /* QueueHelper.swift in Sources */,
				A6345F94249BB7760070D2C2 /* AppDelegate+Dependencies.swift in Sources */,
				A6FA1EB224A0C49900BAC327 /* CompleteArtist.swift in Sources */,
				A61B385A249CE94900286F61 /* AccessTokenRequest.swift in Sources */,
				A6FA1EBC24A1126000BAC327 /* NetworkImageView.swift in Sources */,
				A6345FA0249C04030070D2C2 /* Environment.swift in Sources */,
				A6345FA4249C053C0070D2C2 /* String+Localization.swift in Sources */,
			);
			runOnlyForDeploymentPostprocessing = 0;
		};
		A6345F05249947280070D2C2 /* Sources */ = {
			isa = PBXSourcesBuildPhase;
			buildActionMask = 2147483647;
			files = (
				A696EA8224A207950008D132 /* SceneDelegateHelperTests.swift in Sources */,
				A696EA8D24A22EBC0008D132 /* MockServiceProtocol.swift in Sources */,
				A696EA7A24A2075B0008D132 /* SearchModelControllerTests.swift in Sources */,
				A696EA8924A2142C0008D132 /* MockApi.swift in Sources */,
				A696EA6E24A2065B0008D132 /* SpotifyRequestTests.swift in Sources */,
				A696EA7C24A207690008D132 /* TrackItemModelControllerTests.swift in Sources */,
				A696EA8B24A215810008D132 /* MockApiManager.swift in Sources */,
				A696EA8524A211A70008D132 /* MockSpotifyRequest.swift in Sources */,
				A696EA7024A206C70008D132 /* RoutingPathTests.swift in Sources */,
				A696EA7824A207400008D132 /* TrackItemServiceTests.swift in Sources */,
				A696EA7424A2072D0008D132 /* AuthenticationServiceTests.swift in Sources */,
				A696EA7E24A2077C0008D132 /* SearchModelHelperTests.swift in Sources */,
				A696EA7624A207350008D132 /* SearchServiceTests.swift in Sources */,
				A696EA7224A206E60008D132 /* URLRequestTests.swift in Sources */,
				A696EA9124A22EFE0008D132 /* MockTrackItemService.swift in Sources */,
				A696EA8024A207840008D132 /* QueueHelperTests.swift in Sources */,
				A696EA8F24A22EE90008D132 /* MockSearchService.swift in Sources */,
			);
			runOnlyForDeploymentPostprocessing = 0;
		};
/* End PBXSourcesBuildPhase section */

/* Begin PBXTargetDependency section */
		A6345F0B249947280070D2C2 /* PBXTargetDependency */ = {
			isa = PBXTargetDependency;
			target = A6345EF2249947250070D2C2 /* TrackFinder */;
			targetProxy = A6345F0A249947280070D2C2 /* PBXContainerItemProxy */;
		};
/* End PBXTargetDependency section */

/* Begin PBXVariantGroup section */
		A6345F01249947280070D2C2 /* LaunchScreen.storyboard */ = {
			isa = PBXVariantGroup;
			children = (
				A6345F02249947280070D2C2 /* Base */,
			);
			name = LaunchScreen.storyboard;
			sourceTree = "<group>";
		};
/* End PBXVariantGroup section */

/* Begin XCBuildConfiguration section */
		A6345F10249947280070D2C2 /* Debug */ = {
			isa = XCBuildConfiguration;
			buildSettings = {
				ALWAYS_SEARCH_USER_PATHS = NO;
				CLANG_ANALYZER_NONNULL = YES;
				CLANG_ANALYZER_NUMBER_OBJECT_CONVERSION = YES_AGGRESSIVE;
				CLANG_CXX_LANGUAGE_STANDARD = "gnu++14";
				CLANG_CXX_LIBRARY = "libc++";
				CLANG_ENABLE_MODULES = YES;
				CLANG_ENABLE_OBJC_ARC = YES;
				CLANG_ENABLE_OBJC_WEAK = YES;
				CLANG_WARN_BLOCK_CAPTURE_AUTORELEASING = YES;
				CLANG_WARN_BOOL_CONVERSION = YES;
				CLANG_WARN_COMMA = YES;
				CLANG_WARN_CONSTANT_CONVERSION = YES;
				CLANG_WARN_DEPRECATED_OBJC_IMPLEMENTATIONS = YES;
				CLANG_WARN_DIRECT_OBJC_ISA_USAGE = YES_ERROR;
				CLANG_WARN_DOCUMENTATION_COMMENTS = YES;
				CLANG_WARN_EMPTY_BODY = YES;
				CLANG_WARN_ENUM_CONVERSION = YES;
				CLANG_WARN_INFINITE_RECURSION = YES;
				CLANG_WARN_INT_CONVERSION = YES;
				CLANG_WARN_NON_LITERAL_NULL_CONVERSION = YES;
				CLANG_WARN_OBJC_IMPLICIT_RETAIN_SELF = YES;
				CLANG_WARN_OBJC_LITERAL_CONVERSION = YES;
				CLANG_WARN_OBJC_ROOT_CLASS = YES_ERROR;
				CLANG_WARN_RANGE_LOOP_ANALYSIS = YES;
				CLANG_WARN_STRICT_PROTOTYPES = YES;
				CLANG_WARN_SUSPICIOUS_MOVE = YES;
				CLANG_WARN_UNGUARDED_AVAILABILITY = YES_AGGRESSIVE;
				CLANG_WARN_UNREACHABLE_CODE = YES;
				CLANG_WARN__DUPLICATE_METHOD_MATCH = YES;
				COPY_PHASE_STRIP = NO;
				DEBUG_INFORMATION_FORMAT = dwarf;
				ENABLE_STRICT_OBJC_MSGSEND = YES;
				ENABLE_TESTABILITY = YES;
				GCC_C_LANGUAGE_STANDARD = gnu11;
				GCC_DYNAMIC_NO_PIC = NO;
				GCC_NO_COMMON_BLOCKS = YES;
				GCC_OPTIMIZATION_LEVEL = 0;
				GCC_PREPROCESSOR_DEFINITIONS = (
					"DEBUG=1",
					"$(inherited)",
				);
				GCC_WARN_64_TO_32_BIT_CONVERSION = YES;
				GCC_WARN_ABOUT_RETURN_TYPE = YES_ERROR;
				GCC_WARN_UNDECLARED_SELECTOR = YES;
				GCC_WARN_UNINITIALIZED_AUTOS = YES_AGGRESSIVE;
				GCC_WARN_UNUSED_FUNCTION = YES;
				GCC_WARN_UNUSED_VARIABLE = YES;
				IPHONEOS_DEPLOYMENT_TARGET = 13.5;
				MTL_ENABLE_DEBUG_INFO = INCLUDE_SOURCE;
				MTL_FAST_MATH = YES;
				ONLY_ACTIVE_ARCH = YES;
				SDKROOT = iphoneos;
				SWIFT_ACTIVE_COMPILATION_CONDITIONS = DEBUG;
				SWIFT_OPTIMIZATION_LEVEL = "-Onone";
			};
			name = Debug;
		};
		A6345F11249947280070D2C2 /* Release */ = {
			isa = XCBuildConfiguration;
			buildSettings = {
				ALWAYS_SEARCH_USER_PATHS = NO;
				CLANG_ANALYZER_NONNULL = YES;
				CLANG_ANALYZER_NUMBER_OBJECT_CONVERSION = YES_AGGRESSIVE;
				CLANG_CXX_LANGUAGE_STANDARD = "gnu++14";
				CLANG_CXX_LIBRARY = "libc++";
				CLANG_ENABLE_MODULES = YES;
				CLANG_ENABLE_OBJC_ARC = YES;
				CLANG_ENABLE_OBJC_WEAK = YES;
				CLANG_WARN_BLOCK_CAPTURE_AUTORELEASING = YES;
				CLANG_WARN_BOOL_CONVERSION = YES;
				CLANG_WARN_COMMA = YES;
				CLANG_WARN_CONSTANT_CONVERSION = YES;
				CLANG_WARN_DEPRECATED_OBJC_IMPLEMENTATIONS = YES;
				CLANG_WARN_DIRECT_OBJC_ISA_USAGE = YES_ERROR;
				CLANG_WARN_DOCUMENTATION_COMMENTS = YES;
				CLANG_WARN_EMPTY_BODY = YES;
				CLANG_WARN_ENUM_CONVERSION = YES;
				CLANG_WARN_INFINITE_RECURSION = YES;
				CLANG_WARN_INT_CONVERSION = YES;
				CLANG_WARN_NON_LITERAL_NULL_CONVERSION = YES;
				CLANG_WARN_OBJC_IMPLICIT_RETAIN_SELF = YES;
				CLANG_WARN_OBJC_LITERAL_CONVERSION = YES;
				CLANG_WARN_OBJC_ROOT_CLASS = YES_ERROR;
				CLANG_WARN_RANGE_LOOP_ANALYSIS = YES;
				CLANG_WARN_STRICT_PROTOTYPES = YES;
				CLANG_WARN_SUSPICIOUS_MOVE = YES;
				CLANG_WARN_UNGUARDED_AVAILABILITY = YES_AGGRESSIVE;
				CLANG_WARN_UNREACHABLE_CODE = YES;
				CLANG_WARN__DUPLICATE_METHOD_MATCH = YES;
				COPY_PHASE_STRIP = NO;
				DEBUG_INFORMATION_FORMAT = "dwarf-with-dsym";
				ENABLE_NS_ASSERTIONS = NO;
				ENABLE_STRICT_OBJC_MSGSEND = YES;
				GCC_C_LANGUAGE_STANDARD = gnu11;
				GCC_NO_COMMON_BLOCKS = YES;
				GCC_WARN_64_TO_32_BIT_CONVERSION = YES;
				GCC_WARN_ABOUT_RETURN_TYPE = YES_ERROR;
				GCC_WARN_UNDECLARED_SELECTOR = YES;
				GCC_WARN_UNINITIALIZED_AUTOS = YES_AGGRESSIVE;
				GCC_WARN_UNUSED_FUNCTION = YES;
				GCC_WARN_UNUSED_VARIABLE = YES;
				IPHONEOS_DEPLOYMENT_TARGET = 13.5;
				MTL_ENABLE_DEBUG_INFO = NO;
				MTL_FAST_MATH = YES;
				SDKROOT = iphoneos;
				SWIFT_COMPILATION_MODE = wholemodule;
				SWIFT_OPTIMIZATION_LEVEL = "-O";
				VALIDATE_PRODUCT = YES;
			};
			name = Release;
		};
		A6345F13249947280070D2C2 /* Debug */ = {
			isa = XCBuildConfiguration;
			buildSettings = {
				ASSETCATALOG_COMPILER_APPICON_NAME = AppIcon;
				CLANG_ENABLE_MODULES = YES;
				CODE_SIGN_STYLE = Automatic;
				DEVELOPMENT_TEAM = 2G429TK35T;
				FRAMEWORK_SEARCH_PATHS = (
					"$(inherited)",
					"$(PROJECT_DIR)",
				);
				INFOPLIST_FILE = TrackFinder/Info.plist;
				LD_RUNPATH_SEARCH_PATHS = (
					"$(inherited)",
					"@executable_path/Frameworks",
				);
				OTHER_LDFLAGS = "-Objc";
				PRODUCT_BUNDLE_IDENTIFIER = nihoo.TrackFinder;
				PRODUCT_NAME = "$(TARGET_NAME)";
				SWIFT_OBJC_BRIDGING_HEADER = "TrackFinder-Bridging-Header.h";
				SWIFT_OPTIMIZATION_LEVEL = "-Onone";
				SWIFT_VERSION = 5.0;
				TARGETED_DEVICE_FAMILY = "1,2";
			};
			name = Debug;
		};
		A6345F14249947280070D2C2 /* Release */ = {
			isa = XCBuildConfiguration;
			buildSettings = {
				ASSETCATALOG_COMPILER_APPICON_NAME = AppIcon;
				CLANG_ENABLE_MODULES = YES;
				CODE_SIGN_STYLE = Automatic;
				DEVELOPMENT_TEAM = 2G429TK35T;
				FRAMEWORK_SEARCH_PATHS = (
					"$(inherited)",
					"$(PROJECT_DIR)",
				);
				INFOPLIST_FILE = TrackFinder/Info.plist;
				LD_RUNPATH_SEARCH_PATHS = (
					"$(inherited)",
					"@executable_path/Frameworks",
				);
				OTHER_LDFLAGS = "-Objc";
				PRODUCT_BUNDLE_IDENTIFIER = nihoo.TrackFinder;
				PRODUCT_NAME = "$(TARGET_NAME)";
				SWIFT_OBJC_BRIDGING_HEADER = "TrackFinder-Bridging-Header.h";
				SWIFT_VERSION = 5.0;
				TARGETED_DEVICE_FAMILY = "1,2";
			};
			name = Release;
		};
		A6345F16249947280070D2C2 /* Debug */ = {
			isa = XCBuildConfiguration;
			buildSettings = {
				ALWAYS_EMBED_SWIFT_STANDARD_LIBRARIES = YES;
				BUNDLE_LOADER = "$(TEST_HOST)";
				CODE_SIGN_STYLE = Automatic;
				DEVELOPMENT_TEAM = 2G429TK35T;
				INFOPLIST_FILE = TrackFinderTests/Info.plist;
				IPHONEOS_DEPLOYMENT_TARGET = 13.5;
				LD_RUNPATH_SEARCH_PATHS = (
					"$(inherited)",
					"@executable_path/Frameworks",
					"@loader_path/Frameworks",
				);
				PRODUCT_BUNDLE_IDENTIFIER = nihoo.TrackFinderTests;
				PRODUCT_NAME = "$(TARGET_NAME)";
				SWIFT_VERSION = 5.0;
				TARGETED_DEVICE_FAMILY = "1,2";
				TEST_HOST = "$(BUILT_PRODUCTS_DIR)/TrackFinder.app/TrackFinder";
			};
			name = Debug;
		};
		A6345F17249947280070D2C2 /* Release */ = {
			isa = XCBuildConfiguration;
			buildSettings = {
				ALWAYS_EMBED_SWIFT_STANDARD_LIBRARIES = YES;
				BUNDLE_LOADER = "$(TEST_HOST)";
				CODE_SIGN_STYLE = Automatic;
				DEVELOPMENT_TEAM = 2G429TK35T;
				INFOPLIST_FILE = TrackFinderTests/Info.plist;
				IPHONEOS_DEPLOYMENT_TARGET = 13.5;
				LD_RUNPATH_SEARCH_PATHS = (
					"$(inherited)",
					"@executable_path/Frameworks",
					"@loader_path/Frameworks",
				);
				PRODUCT_BUNDLE_IDENTIFIER = nihoo.TrackFinderTests;
				PRODUCT_NAME = "$(TARGET_NAME)";
				SWIFT_VERSION = 5.0;
				TARGETED_DEVICE_FAMILY = "1,2";
				TEST_HOST = "$(BUILT_PRODUCTS_DIR)/TrackFinder.app/TrackFinder";
			};
			name = Release;
		};
/* End XCBuildConfiguration section */

/* Begin XCConfigurationList section */
		A6345EEE249947240070D2C2 /* Build configuration list for PBXProject "TrackFinder" */ = {
			isa = XCConfigurationList;
			buildConfigurations = (
				A6345F10249947280070D2C2 /* Debug */,
				A6345F11249947280070D2C2 /* Release */,
			);
			defaultConfigurationIsVisible = 0;
			defaultConfigurationName = Release;
		};
		A6345F12249947280070D2C2 /* Build configuration list for PBXNativeTarget "TrackFinder" */ = {
			isa = XCConfigurationList;
			buildConfigurations = (
				A6345F13249947280070D2C2 /* Debug */,
				A6345F14249947280070D2C2 /* Release */,
			);
			defaultConfigurationIsVisible = 0;
			defaultConfigurationName = Release;
		};
		A6345F15249947280070D2C2 /* Build configuration list for PBXNativeTarget "TrackFinderTests" */ = {
			isa = XCConfigurationList;
			buildConfigurations = (
				A6345F16249947280070D2C2 /* Debug */,
				A6345F17249947280070D2C2 /* Release */,
			);
			defaultConfigurationIsVisible = 0;
			defaultConfigurationName = Release;
		};
/* End XCConfigurationList section */

/* Begin XCRemoteSwiftPackageReference section */
		A6345F1B249948840070D2C2 /* XCRemoteSwiftPackageReference "SnapKit" */ = {
			isa = XCRemoteSwiftPackageReference;
			repositoryURL = "https://github.com/SnapKit/SnapKit";
			requirement = {
				kind = upToNextMajorVersion;
				minimumVersion = 5.0.1;
			};
		};
		A6345F84249A72A90070D2C2 /* XCRemoteSwiftPackageReference "SwiftyBeaver" */ = {
			isa = XCRemoteSwiftPackageReference;
			repositoryURL = "https://github.com/SwiftyBeaver/SwiftyBeaver";
			requirement = {
				kind = upToNextMajorVersion;
				minimumVersion = 1.9.1;
			};
		};
		A6345F8F249BB7400070D2C2 /* XCRemoteSwiftPackageReference "Swinject" */ = {
			isa = XCRemoteSwiftPackageReference;
			repositoryURL = "https://github.com/Swinject/Swinject";
			requirement = {
				kind = upToNextMajorVersion;
				minimumVersion = 2.7.1;
			};
		};
		A6FA1EA4249FFEE000BAC327 /* XCRemoteSwiftPackageReference "Kingfisher" */ = {
			isa = XCRemoteSwiftPackageReference;
			repositoryURL = "https://github.com/onevcat/Kingfisher";
			requirement = {
				kind = upToNextMajorVersion;
				minimumVersion = 5.14.0;
			};
		};
/* End XCRemoteSwiftPackageReference section */

/* Begin XCSwiftPackageProductDependency section */
		A6345F1C249948840070D2C2 /* SnapKit */ = {
			isa = XCSwiftPackageProductDependency;
			package = A6345F1B249948840070D2C2 /* XCRemoteSwiftPackageReference "SnapKit" */;
			productName = SnapKit;
		};
		A6345F85249A72A90070D2C2 /* SwiftyBeaver */ = {
			isa = XCSwiftPackageProductDependency;
			package = A6345F84249A72A90070D2C2 /* XCRemoteSwiftPackageReference "SwiftyBeaver" */;
			productName = SwiftyBeaver;
		};
		A6345F90249BB7400070D2C2 /* Swinject */ = {
			isa = XCSwiftPackageProductDependency;
			package = A6345F8F249BB7400070D2C2 /* XCRemoteSwiftPackageReference "Swinject" */;
			productName = Swinject;
		};
		A6FA1EA5249FFEE000BAC327 /* Kingfisher */ = {
			isa = XCSwiftPackageProductDependency;
			package = A6FA1EA4249FFEE000BAC327 /* XCRemoteSwiftPackageReference "Kingfisher" */;
			productName = Kingfisher;
		};
/* End XCSwiftPackageProductDependency section */
	};
	rootObject = A6345EEB249947240070D2C2 /* Project object */;
}
