// !$*UTF8*$!
{
	archiveVersion = 1;
	classes = {
	};
	objectVersion = 52;
	objects = {

/* Begin PBXBuildFile section */
		A60F5687249CF6CF00156178 /* DependencyResolver.swift in Sources */ = {isa = PBXBuildFile; fileRef = A60F5686249CF6CF00156178 /* DependencyResolver.swift */; };
		A60F5689249CF74900156178 /* Data+Extension.swift in Sources */ = {isa = PBXBuildFile; fileRef = A60F5688249CF74900156178 /* Data+Extension.swift */; };
		A60F568B249CF7CC00156178 /* NetworkError.swift in Sources */ = {isa = PBXBuildFile; fileRef = A60F568A249CF7CC00156178 /* NetworkError.swift */; };
		A60F568D249E0DDB00156178 /* Date+Extension.swift in Sources */ = {isa = PBXBuildFile; fileRef = A60F568C249E0DDB00156178 /* Date+Extension.swift */; };
		A60F568F249E1ED300156178 /* ApiRequestOperation.swift in Sources */ = {isa = PBXBuildFile; fileRef = A60F568E249E1ED300156178 /* ApiRequestOperation.swift */; };
		A60F5691249E1EE100156178 /* ApiOperationQueue.swift in Sources */ = {isa = PBXBuildFile; fileRef = A60F5690249E1EE100156178 /* ApiOperationQueue.swift */; };
		A60F5693249E233A00156178 /* StandardDateFormatter.swift in Sources */ = {isa = PBXBuildFile; fileRef = A60F5692249E233A00156178 /* StandardDateFormatter.swift */; };
		A61B3849249C091B00286F61 /* AuthTokens.swift in Sources */ = {isa = PBXBuildFile; fileRef = A61B3848249C091B00286F61 /* AuthTokens.swift */; };
		A61B384D249C0E5900286F61 /* RefreshTokenResponse.swift in Sources */ = {isa = PBXBuildFile; fileRef = A61B384C249C0E5900286F61 /* RefreshTokenResponse.swift */; };
		A61B3852249CE6E200286F61 /* SpotifyRequest.swift in Sources */ = {isa = PBXBuildFile; fileRef = A61B3851249CE6E200286F61 /* SpotifyRequest.swift */; };
		A61B3854249CE89C00286F61 /* URLRequest+Extension.swift in Sources */ = {isa = PBXBuildFile; fileRef = A61B3853249CE89C00286F61 /* URLRequest+Extension.swift */; };
		A61B3856249CE92700286F61 /* RefreshTokenRequest.swift in Sources */ = {isa = PBXBuildFile; fileRef = A61B3855249CE92700286F61 /* RefreshTokenRequest.swift */; };
		A61B3858249CE93700286F61 /* AuthorizationRequest.swift in Sources */ = {isa = PBXBuildFile; fileRef = A61B3857249CE93700286F61 /* AuthorizationRequest.swift */; };
		A61B385A249CE94900286F61 /* AccessTokenRequest.swift in Sources */ = {isa = PBXBuildFile; fileRef = A61B3859249CE94900286F61 /* AccessTokenRequest.swift */; };
		A61B385D249CF28400286F61 /* RoutingPath.swift in Sources */ = {isa = PBXBuildFile; fileRef = A61B385C249CF28400286F61 /* RoutingPath.swift */; };
		A61B385F249CF28D00286F61 /* SpotifyQueryItem.swift in Sources */ = {isa = PBXBuildFile; fileRef = A61B385E249CF28D00286F61 /* SpotifyQueryItem.swift */; };
		A61B3861249CF2A200286F61 /* Headers.swift in Sources */ = {isa = PBXBuildFile; fileRef = A61B3860249CF2A200286F61 /* Headers.swift */; };
		A6345EF7249947250070D2C2 /* AppDelegate.swift in Sources */ = {isa = PBXBuildFile; fileRef = A6345EF6249947250070D2C2 /* AppDelegate.swift */; };
		A6345EF9249947250070D2C2 /* SceneDelegate.swift in Sources */ = {isa = PBXBuildFile; fileRef = A6345EF8249947250070D2C2 /* SceneDelegate.swift */; };
		A6345F00249947280070D2C2 /* Assets.xcassets in Resources */ = {isa = PBXBuildFile; fileRef = A6345EFF249947280070D2C2 /* Assets.xcassets */; };
		A6345F03249947280070D2C2 /* LaunchScreen.storyboard in Resources */ = {isa = PBXBuildFile; fileRef = A6345F01249947280070D2C2 /* LaunchScreen.storyboard */; };
		A6345F0E249947280070D2C2 /* TrackFinderTests.swift in Sources */ = {isa = PBXBuildFile; fileRef = A6345F0D249947280070D2C2 /* TrackFinderTests.swift */; };
		A6345F1A2499481F0070D2C2 /* LoginViewController.swift in Sources */ = {isa = PBXBuildFile; fileRef = A6345F192499481F0070D2C2 /* LoginViewController.swift */; };
		A6345F1D249948840070D2C2 /* SnapKit in Frameworks */ = {isa = PBXBuildFile; productRef = A6345F1C249948840070D2C2 /* SnapKit */; };
		A6345F2024994FA60070D2C2 /* ApiProtocol.swift in Sources */ = {isa = PBXBuildFile; fileRef = A6345F1F24994FA60070D2C2 /* ApiProtocol.swift */; };
		A6345F2224994FAD0070D2C2 /* ApiManager.swift in Sources */ = {isa = PBXBuildFile; fileRef = A6345F2124994FAD0070D2C2 /* ApiManager.swift */; };
		A6345F2424994FDF0070D2C2 /* WebApiProtocol.swift in Sources */ = {isa = PBXBuildFile; fileRef = A6345F2324994FDF0070D2C2 /* WebApiProtocol.swift */; };
		A6345F2624994FE70070D2C2 /* SpotifyApi.swift in Sources */ = {isa = PBXBuildFile; fileRef = A6345F2524994FE70070D2C2 /* SpotifyApi.swift */; };
		A6345F45249959E00070D2C2 /* SpotifyiOS.framework in Frameworks */ = {isa = PBXBuildFile; fileRef = A6345F44249959E00070D2C2 /* SpotifyiOS.framework */; };
		A6345F4D249964AE0070D2C2 /* BaseRouter.swift in Sources */ = {isa = PBXBuildFile; fileRef = A6345F4C249964AE0070D2C2 /* BaseRouter.swift */; };
		A6345F86249A72A90070D2C2 /* SwiftyBeaver in Frameworks */ = {isa = PBXBuildFile; productRef = A6345F85249A72A90070D2C2 /* SwiftyBeaver */; };
		A6345F88249A802A0070D2C2 /* SearchScreenViewController.swift in Sources */ = {isa = PBXBuildFile; fileRef = A6345F87249A802A0070D2C2 /* SearchScreenViewController.swift */; };
		A6345F8A249A98F20070D2C2 /* AuthTokenResponse.swift in Sources */ = {isa = PBXBuildFile; fileRef = A6345F89249A98F20070D2C2 /* AuthTokenResponse.swift */; };
		A6345F8E249B89710070D2C2 /* AuthenticationService.swift in Sources */ = {isa = PBXBuildFile; fileRef = A6345F8D249B89710070D2C2 /* AuthenticationService.swift */; };
		A6345F91249BB7410070D2C2 /* Swinject in Frameworks */ = {isa = PBXBuildFile; productRef = A6345F90249BB7400070D2C2 /* Swinject */; };
		A6345F94249BB7760070D2C2 /* AppDelegate+Dependencies.swift in Sources */ = {isa = PBXBuildFile; fileRef = A6345F93249BB7760070D2C2 /* AppDelegate+Dependencies.swift */; };
		A6345F96249BB7830070D2C2 /* SceneDelegate+SpotifyCallback.swift in Sources */ = {isa = PBXBuildFile; fileRef = A6345F95249BB7830070D2C2 /* SceneDelegate+SpotifyCallback.swift */; };
		A6345F9A249BC23C0070D2C2 /* ErrorResponse.swift in Sources */ = {isa = PBXBuildFile; fileRef = A6345F99249BC23C0070D2C2 /* ErrorResponse.swift */; };
		A6345FA0249C04030070D2C2 /* Environment.swift in Sources */ = {isa = PBXBuildFile; fileRef = A6345F9F249C04030070D2C2 /* Environment.swift */; };
		A6345FA2249C05080070D2C2 /* String+Extension.swift in Sources */ = {isa = PBXBuildFile; fileRef = A6345FA1249C05080070D2C2 /* String+Extension.swift */; };
		A6345FA4249C053C0070D2C2 /* String+Localization.swift in Sources */ = {isa = PBXBuildFile; fileRef = A6345FA3249C053C0070D2C2 /* String+Localization.swift */; };
		A6345FA6249C06F70070D2C2 /* UserPreferences.swift in Sources */ = {isa = PBXBuildFile; fileRef = A6345FA5249C06F70070D2C2 /* UserPreferences.swift */; };
/* End PBXBuildFile section */

/* Begin PBXContainerItemProxy section */
		A6345F0A249947280070D2C2 /* PBXContainerItemProxy */ = {
			isa = PBXContainerItemProxy;
			containerPortal = A6345EEB249947240070D2C2 /* Project object */;
			proxyType = 1;
			remoteGlobalIDString = A6345EF2249947250070D2C2;
			remoteInfo = TrackFinder;
		};
/* End PBXContainerItemProxy section */

/* Begin PBXFileReference section */
		A60F5686249CF6CF00156178 /* DependencyResolver.swift */ = {isa = PBXFileReference; lastKnownFileType = sourcecode.swift; path = DependencyResolver.swift; sourceTree = "<group>"; };
		A60F5688249CF74900156178 /* Data+Extension.swift */ = {isa = PBXFileReference; lastKnownFileType = sourcecode.swift; path = "Data+Extension.swift"; sourceTree = "<group>"; };
		A60F568A249CF7CC00156178 /* NetworkError.swift */ = {isa = PBXFileReference; lastKnownFileType = sourcecode.swift; path = NetworkError.swift; sourceTree = "<group>"; };
		A60F568C249E0DDB00156178 /* Date+Extension.swift */ = {isa = PBXFileReference; lastKnownFileType = sourcecode.swift; path = "Date+Extension.swift"; sourceTree = "<group>"; };
		A60F568E249E1ED300156178 /* ApiRequestOperation.swift */ = {isa = PBXFileReference; lastKnownFileType = sourcecode.swift; path = ApiRequestOperation.swift; sourceTree = "<group>"; };
		A60F5690249E1EE100156178 /* ApiOperationQueue.swift */ = {isa = PBXFileReference; lastKnownFileType = sourcecode.swift; path = ApiOperationQueue.swift; sourceTree = "<group>"; };
		A60F5692249E233A00156178 /* StandardDateFormatter.swift */ = {isa = PBXFileReference; lastKnownFileType = sourcecode.swift; path = StandardDateFormatter.swift; sourceTree = "<group>"; };
		A61B3848249C091B00286F61 /* AuthTokens.swift */ = {isa = PBXFileReference; lastKnownFileType = sourcecode.swift; path = AuthTokens.swift; sourceTree = "<group>"; };
		A61B384C249C0E5900286F61 /* RefreshTokenResponse.swift */ = {isa = PBXFileReference; lastKnownFileType = sourcecode.swift; path = RefreshTokenResponse.swift; sourceTree = "<group>"; };
		A61B3851249CE6E200286F61 /* SpotifyRequest.swift */ = {isa = PBXFileReference; lastKnownFileType = sourcecode.swift; path = SpotifyRequest.swift; sourceTree = "<group>"; };
		A61B3853249CE89C00286F61 /* URLRequest+Extension.swift */ = {isa = PBXFileReference; lastKnownFileType = sourcecode.swift; path = "URLRequest+Extension.swift"; sourceTree = "<group>"; };
		A61B3855249CE92700286F61 /* RefreshTokenRequest.swift */ = {isa = PBXFileReference; lastKnownFileType = sourcecode.swift; path = RefreshTokenRequest.swift; sourceTree = "<group>"; };
		A61B3857249CE93700286F61 /* AuthorizationRequest.swift */ = {isa = PBXFileReference; lastKnownFileType = sourcecode.swift; path = AuthorizationRequest.swift; sourceTree = "<group>"; };
		A61B3859249CE94900286F61 /* AccessTokenRequest.swift */ = {isa = PBXFileReference; lastKnownFileType = sourcecode.swift; path = AccessTokenRequest.swift; sourceTree = "<group>"; };
		A61B385C249CF28400286F61 /* RoutingPath.swift */ = {isa = PBXFileReference; lastKnownFileType = sourcecode.swift; path = RoutingPath.swift; sourceTree = "<group>"; };
		A61B385E249CF28D00286F61 /* SpotifyQueryItem.swift */ = {isa = PBXFileReference; lastKnownFileType = sourcecode.swift; path = SpotifyQueryItem.swift; sourceTree = "<group>"; };
		A61B3860249CF2A200286F61 /* Headers.swift */ = {isa = PBXFileReference; lastKnownFileType = sourcecode.swift; path = Headers.swift; sourceTree = "<group>"; };
		A6345EF3249947250070D2C2 /* TrackFinder.app */ = {isa = PBXFileReference; explicitFileType = wrapper.application; includeInIndex = 0; path = TrackFinder.app; sourceTree = BUILT_PRODUCTS_DIR; };
		A6345EF6249947250070D2C2 /* AppDelegate.swift */ = {isa = PBXFileReference; lastKnownFileType = sourcecode.swift; path = AppDelegate.swift; sourceTree = "<group>"; };
		A6345EF8249947250070D2C2 /* SceneDelegate.swift */ = {isa = PBXFileReference; lastKnownFileType = sourcecode.swift; path = SceneDelegate.swift; sourceTree = "<group>"; };
		A6345EFF249947280070D2C2 /* Assets.xcassets */ = {isa = PBXFileReference; lastKnownFileType = folder.assetcatalog; path = Assets.xcassets; sourceTree = "<group>"; };
		A6345F02249947280070D2C2 /* Base */ = {isa = PBXFileReference; lastKnownFileType = file.storyboard; name = Base; path = Base.lproj/LaunchScreen.storyboard; sourceTree = "<group>"; };
		A6345F04249947280070D2C2 /* Info.plist */ = {isa = PBXFileReference; lastKnownFileType = text.plist.xml; path = Info.plist; sourceTree = "<group>"; };
		A6345F09249947280070D2C2 /* TrackFinderTests.xctest */ = {isa = PBXFileReference; explicitFileType = wrapper.cfbundle; includeInIndex = 0; path = TrackFinderTests.xctest; sourceTree = BUILT_PRODUCTS_DIR; };
		A6345F0D249947280070D2C2 /* TrackFinderTests.swift */ = {isa = PBXFileReference; lastKnownFileType = sourcecode.swift; path = TrackFinderTests.swift; sourceTree = "<group>"; };
		A6345F0F249947280070D2C2 /* Info.plist */ = {isa = PBXFileReference; lastKnownFileType = text.plist.xml; path = Info.plist; sourceTree = "<group>"; };
		A6345F192499481F0070D2C2 /* LoginViewController.swift */ = {isa = PBXFileReference; lastKnownFileType = sourcecode.swift; path = LoginViewController.swift; sourceTree = "<group>"; };
		A6345F1F24994FA60070D2C2 /* ApiProtocol.swift */ = {isa = PBXFileReference; lastKnownFileType = sourcecode.swift; path = ApiProtocol.swift; sourceTree = "<group>"; };
		A6345F2124994FAD0070D2C2 /* ApiManager.swift */ = {isa = PBXFileReference; lastKnownFileType = sourcecode.swift; path = ApiManager.swift; sourceTree = "<group>"; };
		A6345F2324994FDF0070D2C2 /* WebApiProtocol.swift */ = {isa = PBXFileReference; lastKnownFileType = sourcecode.swift; path = WebApiProtocol.swift; sourceTree = "<group>"; };
		A6345F2524994FE70070D2C2 /* SpotifyApi.swift */ = {isa = PBXFileReference; lastKnownFileType = sourcecode.swift; path = SpotifyApi.swift; sourceTree = "<group>"; };
		A6345F44249959E00070D2C2 /* SpotifyiOS.framework */ = {isa = PBXFileReference; lastKnownFileType = wrapper.framework; path = SpotifyiOS.framework; sourceTree = "<group>"; };
		A6345F4624995A5B0070D2C2 /* TrackFinder-Bridging-Header.h */ = {isa = PBXFileReference; lastKnownFileType = sourcecode.c.h; path = "TrackFinder-Bridging-Header.h"; sourceTree = "<group>"; };
		A6345F4C249964AE0070D2C2 /* BaseRouter.swift */ = {isa = PBXFileReference; lastKnownFileType = sourcecode.swift; path = BaseRouter.swift; sourceTree = "<group>"; };
		A6345F87249A802A0070D2C2 /* SearchScreenViewController.swift */ = {isa = PBXFileReference; lastKnownFileType = sourcecode.swift; path = SearchScreenViewController.swift; sourceTree = "<group>"; };
		A6345F89249A98F20070D2C2 /* AuthTokenResponse.swift */ = {isa = PBXFileReference; lastKnownFileType = sourcecode.swift; path = AuthTokenResponse.swift; sourceTree = "<group>"; };
		A6345F8D249B89710070D2C2 /* AuthenticationService.swift */ = {isa = PBXFileReference; lastKnownFileType = sourcecode.swift; path = AuthenticationService.swift; sourceTree = "<group>"; };
		A6345F93249BB7760070D2C2 /* AppDelegate+Dependencies.swift */ = {isa = PBXFileReference; lastKnownFileType = sourcecode.swift; path = "AppDelegate+Dependencies.swift"; sourceTree = "<group>"; };
		A6345F95249BB7830070D2C2 /* SceneDelegate+SpotifyCallback.swift */ = {isa = PBXFileReference; lastKnownFileType = sourcecode.swift; path = "SceneDelegate+SpotifyCallback.swift"; sourceTree = "<group>"; };
		A6345F99249BC23C0070D2C2 /* ErrorResponse.swift */ = {isa = PBXFileReference; lastKnownFileType = sourcecode.swift; path = ErrorResponse.swift; sourceTree = "<group>"; };
		A6345F9F249C04030070D2C2 /* Environment.swift */ = {isa = PBXFileReference; lastKnownFileType = sourcecode.swift; path = Environment.swift; sourceTree = "<group>"; };
		A6345FA1249C05080070D2C2 /* String+Extension.swift */ = {isa = PBXFileReference; lastKnownFileType = sourcecode.swift; path = "String+Extension.swift"; sourceTree = "<group>"; };
		A6345FA3249C053C0070D2C2 /* String+Localization.swift */ = {isa = PBXFileReference; lastKnownFileType = sourcecode.swift; path = "String+Localization.swift"; sourceTree = "<group>"; };
		A6345FA5249C06F70070D2C2 /* UserPreferences.swift */ = {isa = PBXFileReference; lastKnownFileType = sourcecode.swift; path = UserPreferences.swift; sourceTree = "<group>"; };
/* End PBXFileReference section */

/* Begin PBXFrameworksBuildPhase section */
		A6345EF0249947250070D2C2 /* Frameworks */ = {
			isa = PBXFrameworksBuildPhase;
			buildActionMask = 2147483647;
			files = (
				A6345F1D249948840070D2C2 /* SnapKit in Frameworks */,
				A6345F45249959E00070D2C2 /* SpotifyiOS.framework in Frameworks */,
				A6345F86249A72A90070D2C2 /* SwiftyBeaver in Frameworks */,
				A6345F91249BB7410070D2C2 /* Swinject in Frameworks */,
			);
			runOnlyForDeploymentPostprocessing = 0;
		};
		A6345F06249947280070D2C2 /* Frameworks */ = {
			isa = PBXFrameworksBuildPhase;
			buildActionMask = 2147483647;
			files = (
			);
			runOnlyForDeploymentPostprocessing = 0;
		};
/* End PBXFrameworksBuildPhase section */

/* Begin PBXGroup section */
		A60F5685249CF6B900156178 /* Controls */ = {
			isa = PBXGroup;
			children = (
				A60F5686249CF6CF00156178 /* DependencyResolver.swift */,
				A60F568A249CF7CC00156178 /* NetworkError.swift */,
				A60F5692249E233A00156178 /* StandardDateFormatter.swift */,
			);
			path = Controls;
			sourceTree = "<group>";
		};
		A61B3850249CE6C700286F61 /* Requests */ = {
			isa = PBXGroup;
			children = (
				A61B385B249CF27400286F61 /* RequestUtils */,
				A61B3851249CE6E200286F61 /* SpotifyRequest.swift */,
				A61B3855249CE92700286F61 /* RefreshTokenRequest.swift */,
				A61B3859249CE94900286F61 /* AccessTokenRequest.swift */,
				A61B3857249CE93700286F61 /* AuthorizationRequest.swift */,
			);
			path = Requests;
			sourceTree = "<group>";
		};
		A61B385B249CF27400286F61 /* RequestUtils */ = {
			isa = PBXGroup;
			children = (
				A61B385C249CF28400286F61 /* RoutingPath.swift */,
				A61B385E249CF28D00286F61 /* SpotifyQueryItem.swift */,
				A61B3860249CF2A200286F61 /* Headers.swift */,
			);
			path = RequestUtils;
			sourceTree = "<group>";
		};
		A6345EEA249947240070D2C2 = {
			isa = PBXGroup;
			children = (
				A6345EF5249947250070D2C2 /* TrackFinder */,
				A6345F0C249947280070D2C2 /* TrackFinderTests */,
				A6345EF4249947250070D2C2 /* Products */,
				A6345F44249959E00070D2C2 /* SpotifyiOS.framework */,
				A6345F4624995A5B0070D2C2 /* TrackFinder-Bridging-Header.h */,
			);
			sourceTree = "<group>";
		};
		A6345EF4249947250070D2C2 /* Products */ = {
			isa = PBXGroup;
			children = (
				A6345EF3249947250070D2C2 /* TrackFinder.app */,
				A6345F09249947280070D2C2 /* TrackFinderTests.xctest */,
			);
			name = Products;
			sourceTree = "<group>";
		};
		A6345EF5249947250070D2C2 /* TrackFinder */ = {
			isa = PBXGroup;
			children = (
				A60F5685249CF6B900156178 /* Controls */,
				A61B3850249CE6C700286F61 /* Requests */,
				A6345F9E249C03F80070D2C2 /* General */,
				A6345F92249BB7580070D2C2 /* Models */,
				A6345F2824994FF50070D2C2 /* Services */,
				A6345F2724994FEB0070D2C2 /* Extensions */,
				A6345F1E24994F990070D2C2 /* Networking */,
				A6345F182499480F0070D2C2 /* ViewControllers */,
				A6345F29249950000070D2C2 /* ModelControllers */,
				A6345F2A2499500A0070D2C2 /* Views */,
				A6345F2B249950520070D2C2 /* AppDelegate */,
				A6345EFF249947280070D2C2 /* Assets.xcassets */,
				A6345F01249947280070D2C2 /* LaunchScreen.storyboard */,
				A6345F04249947280070D2C2 /* Info.plist */,
			);
			path = TrackFinder;
			sourceTree = "<group>";
		};
		A6345F0C249947280070D2C2 /* TrackFinderTests */ = {
			isa = PBXGroup;
			children = (
				A6345F0D249947280070D2C2 /* TrackFinderTests.swift */,
				A6345F0F249947280070D2C2 /* Info.plist */,
			);
			path = TrackFinderTests;
			sourceTree = "<group>";
		};
		A6345F182499480F0070D2C2 /* ViewControllers */ = {
			isa = PBXGroup;
			children = (
				A6345F192499481F0070D2C2 /* LoginViewController.swift */,
				A6345F87249A802A0070D2C2 /* SearchScreenViewController.swift */,
			);
			path = ViewControllers;
			sourceTree = "<group>";
		};
		A6345F1E24994F990070D2C2 /* Networking */ = {
			isa = PBXGroup;
			children = (
				A6345F1F24994FA60070D2C2 /* ApiProtocol.swift */,
				A6345F2124994FAD0070D2C2 /* ApiManager.swift */,
				A6345F2324994FDF0070D2C2 /* WebApiProtocol.swift */,
				A6345F2524994FE70070D2C2 /* SpotifyApi.swift */,
				A60F568E249E1ED300156178 /* ApiRequestOperation.swift */,
				A60F5690249E1EE100156178 /* ApiOperationQueue.swift */,
				A6345F4C249964AE0070D2C2 /* BaseRouter.swift */,
			);
			path = Networking;
			sourceTree = "<group>";
		};
		A6345F2724994FEB0070D2C2 /* Extensions */ = {
			isa = PBXGroup;
			children = (
				A6345FA1249C05080070D2C2 /* String+Extension.swift */,
				A6345FA3249C053C0070D2C2 /* String+Localization.swift */,
				A61B3853249CE89C00286F61 /* URLRequest+Extension.swift */,
				A60F5688249CF74900156178 /* Data+Extension.swift */,
				A60F568C249E0DDB00156178 /* Date+Extension.swift */,
			);
			path = Extensions;
			sourceTree = "<group>";
		};
		A6345F2824994FF50070D2C2 /* Services */ = {
			isa = PBXGroup;
			children = (
				A6345F8D249B89710070D2C2 /* AuthenticationService.swift */,
			);
			path = Services;
			sourceTree = "<group>";
		};
		A6345F29249950000070D2C2 /* ModelControllers */ = {
			isa = PBXGroup;
			children = (
			);
			path = ModelControllers;
			sourceTree = "<group>";
		};
		A6345F2A2499500A0070D2C2 /* Views */ = {
			isa = PBXGroup;
			children = (
			);
			path = Views;
			sourceTree = "<group>";
		};
		A6345F2B249950520070D2C2 /* AppDelegate */ = {
			isa = PBXGroup;
			children = (
				A6345EF6249947250070D2C2 /* AppDelegate.swift */,
				A6345F93249BB7760070D2C2 /* AppDelegate+Dependencies.swift */,
				A6345EF8249947250070D2C2 /* SceneDelegate.swift */,
				A6345F95249BB7830070D2C2 /* SceneDelegate+SpotifyCallback.swift */,
			);
			path = AppDelegate;
			sourceTree = "<group>";
		};
		A6345F92249BB7580070D2C2 /* Models */ = {
			isa = PBXGroup;
			children = (
				A6345F89249A98F20070D2C2 /* AuthTokenResponse.swift */,
				A61B384C249C0E5900286F61 /* RefreshTokenResponse.swift */,
				A61B3848249C091B00286F61 /* AuthTokens.swift */,
				A6345F99249BC23C0070D2C2 /* ErrorResponse.swift */,
			);
			path = Models;
			sourceTree = "<group>";
		};
		A6345F9E249C03F80070D2C2 /* General */ = {
			isa = PBXGroup;
			children = (
				A6345F9F249C04030070D2C2 /* Environment.swift */,
				A6345FA5249C06F70070D2C2 /* UserPreferences.swift */,
			);
			path = General;
			sourceTree = "<group>";
		};
/* End PBXGroup section */

/* Begin PBXNativeTarget section */
		A6345EF2249947250070D2C2 /* TrackFinder */ = {
			isa = PBXNativeTarget;
			buildConfigurationList = A6345F12249947280070D2C2 /* Build configuration list for PBXNativeTarget "TrackFinder" */;
			buildPhases = (
				A6345F9D249C028C0070D2C2 /* Run SwiftLint */,
				A6345EEF249947250070D2C2 /* Sources */,
				A6345EF0249947250070D2C2 /* Frameworks */,
				A6345EF1249947250070D2C2 /* Resources */,
			);
			buildRules = (
			);
			dependencies = (
			);
			name = TrackFinder;
			packageProductDependencies = (
				A6345F1C249948840070D2C2 /* SnapKit */,
				A6345F85249A72A90070D2C2 /* SwiftyBeaver */,
				A6345F90249BB7400070D2C2 /* Swinject */,
			);
			productName = TrackFinder;
			productReference = A6345EF3249947250070D2C2 /* TrackFinder.app */;
			productType = "com.apple.product-type.application";
		};
		A6345F08249947280070D2C2 /* TrackFinderTests */ = {
			isa = PBXNativeTarget;
			buildConfigurationList = A6345F15249947280070D2C2 /* Build configuration list for PBXNativeTarget "TrackFinderTests" */;
			buildPhases = (
				A6345F05249947280070D2C2 /* Sources */,
				A6345F06249947280070D2C2 /* Frameworks */,
				A6345F07249947280070D2C2 /* Resources */,
			);
			buildRules = (
			);
			dependencies = (
				A6345F0B249947280070D2C2 /* PBXTargetDependency */,
			);
			name = TrackFinderTests;
			productName = TrackFinderTests;
			productReference = A6345F09249947280070D2C2 /* TrackFinderTests.xctest */;
			productType = "com.apple.product-type.bundle.unit-test";
		};
/* End PBXNativeTarget section */

/* Begin PBXProject section */
		A6345EEB249947240070D2C2 /* Project object */ = {
			isa = PBXProject;
			attributes = {
				LastSwiftUpdateCheck = 1150;
				LastUpgradeCheck = 1150;
				ORGANIZATIONNAME = Nihoo;
				TargetAttributes = {
					A6345EF2249947250070D2C2 = {
						CreatedOnToolsVersion = 11.5;
						LastSwiftMigration = 1150;
					};
					A6345F08249947280070D2C2 = {
						CreatedOnToolsVersion = 11.5;
						TestTargetID = A6345EF2249947250070D2C2;
					};
				};
			};
			buildConfigurationList = A6345EEE249947240070D2C2 /* Build configuration list for PBXProject "TrackFinder" */;
			compatibilityVersion = "Xcode 9.3";
			developmentRegion = en;
			hasScannedForEncodings = 0;
			knownRegions = (
				en,
				Base,
			);
			mainGroup = A6345EEA249947240070D2C2;
			packageReferences = (
				A6345F1B249948840070D2C2 /* XCRemoteSwiftPackageReference "SnapKit" */,
				A6345F84249A72A90070D2C2 /* XCRemoteSwiftPackageReference "SwiftyBeaver" */,
				A6345F8F249BB7400070D2C2 /* XCRemoteSwiftPackageReference "Swinject" */,
			);
			productRefGroup = A6345EF4249947250070D2C2 /* Products */;
			projectDirPath = "";
			projectRoot = "";
			targets = (
				A6345EF2249947250070D2C2 /* TrackFinder */,
				A6345F08249947280070D2C2 /* TrackFinderTests */,
			);
		};
/* End PBXProject section */

/* Begin PBXResourcesBuildPhase section */
		A6345EF1249947250070D2C2 /* Resources */ = {
			isa = PBXResourcesBuildPhase;
			buildActionMask = 2147483647;
			files = (
				A6345F03249947280070D2C2 /* LaunchScreen.storyboard in Resources */,
				A6345F00249947280070D2C2 /* Assets.xcassets in Resources */,
			);
			runOnlyForDeploymentPostprocessing = 0;
		};
		A6345F07249947280070D2C2 /* Resources */ = {
			isa = PBXResourcesBuildPhase;
			buildActionMask = 2147483647;
			files = (
			);
			runOnlyForDeploymentPostprocessing = 0;
		};
/* End PBXResourcesBuildPhase section */

/* Begin PBXShellScriptBuildPhase section */
		A6345F9D249C028C0070D2C2 /* Run SwiftLint */ = {
			isa = PBXShellScriptBuildPhase;
			buildActionMask = 2147483647;
			files = (
			);
			inputFileListPaths = (
			);
			inputPaths = (
			);
			name = "Run SwiftLint";
			outputFileListPaths = (
			);
			outputPaths = (
			);
			runOnlyForDeploymentPostprocessing = 0;
			shellPath = /bin/sh;
			shellScript = "# Type a script or drag a script file from your workspace to insert its path.\nif which swiftlint >/dev/null; then\nswiftlint --config ../.swiftlint.yml\nelse\n    echo \"warning: SwiftLint not installed, download from https://github.com/realm/SwiftLint\"\nfi\n";
		};
/* End PBXShellScriptBuildPhase section */

/* Begin PBXSourcesBuildPhase section */
		A6345EEF249947250070D2C2 /* Sources */ = {
			isa = PBXSourcesBuildPhase;
			buildActionMask = 2147483647;
			files = (
				A6345F2624994FE70070D2C2 /* SpotifyApi.swift in Sources */,
				A60F568B249CF7CC00156178 /* NetworkError.swift in Sources */,
				A61B3854249CE89C00286F61 /* URLRequest+Extension.swift in Sources */,
				A6345F2024994FA60070D2C2 /* ApiProtocol.swift in Sources */,
				A61B3861249CF2A200286F61 /* Headers.swift in Sources */,
				A61B3852249CE6E200286F61 /* SpotifyRequest.swift in Sources */,
				A60F5689249CF74900156178 /* Data+Extension.swift in Sources */,
				A6345F88249A802A0070D2C2 /* SearchScreenViewController.swift in Sources */,
				A61B385D249CF28400286F61 /* RoutingPath.swift in Sources */,
				A60F5693249E233A00156178 /* StandardDateFormatter.swift in Sources */,
				A61B3858249CE93700286F61 /* AuthorizationRequest.swift in Sources */,
				A61B3849249C091B00286F61 /* AuthTokens.swift in Sources */,
				A6345F8E249B89710070D2C2 /* AuthenticationService.swift in Sources */,
				A6345F8A249A98F20070D2C2 /* AuthTokenResponse.swift in Sources */,
				A61B3856249CE92700286F61 /* RefreshTokenRequest.swift in Sources */,
				A6345F1A2499481F0070D2C2 /* LoginViewController.swift in Sources */,
				A6345FA6249C06F70070D2C2 /* UserPreferences.swift in Sources */,
				A6345F9A249BC23C0070D2C2 /* ErrorResponse.swift in Sources */,
				A60F5687249CF6CF00156178 /* DependencyResolver.swift in Sources */,
				A60F568F249E1ED300156178 /* ApiRequestOperation.swift in Sources */,
				A60F5691249E1EE100156178 /* ApiOperationQueue.swift in Sources */,
				A6345F2224994FAD0070D2C2 /* ApiManager.swift in Sources */,
				A6345FA2249C05080070D2C2 /* String+Extension.swift in Sources */,
				A6345F2424994FDF0070D2C2 /* WebApiProtocol.swift in Sources */,
				A61B384D249C0E5900286F61 /* RefreshTokenResponse.swift in Sources */,
				A60F568D249E0DDB00156178 /* Date+Extension.swift in Sources */,
				A6345F96249BB7830070D2C2 /* SceneDelegate+SpotifyCallback.swift in Sources */,
				A6345EF7249947250070D2C2 /* AppDelegate.swift in Sources */,
				A61B385F249CF28D00286F61 /* SpotifyQueryItem.swift in Sources */,
				A6345EF9249947250070D2C2 /* SceneDelegate.swift in Sources */,
				A6345F4D249964AE0070D2C2 /* BaseRouter.swift in Sources */,
				A6345F94249BB7760070D2C2 /* AppDelegate+Dependencies.swift in Sources */,
				A61B385A249CE94900286F61 /* AccessTokenRequest.swift in Sources */,
				A6345FA0249C04030070D2C2 /* Environment.swift in Sources */,
				A6345FA4249C053C0070D2C2 /* String+Localization.swift in Sources */,
			);
			runOnlyForDeploymentPostprocessing = 0;
		};
		A6345F05249947280070D2C2 /* Sources */ = {
			isa = PBXSourcesBuildPhase;
			buildActionMask = 2147483647;
			files = (
				A6345F0E249947280070D2C2 /* TrackFinderTests.swift in Sources */,
			);
			runOnlyForDeploymentPostprocessing = 0;
		};
/* End PBXSourcesBuildPhase section */

/* Begin PBXTargetDependency section */
		A6345F0B249947280070D2C2 /* PBXTargetDependency */ = {
			isa = PBXTargetDependency;
			target = A6345EF2249947250070D2C2 /* TrackFinder */;
			targetProxy = A6345F0A249947280070D2C2 /* PBXContainerItemProxy */;
		};
/* End PBXTargetDependency section */

/* Begin PBXVariantGroup section */
		A6345F01249947280070D2C2 /* LaunchScreen.storyboard */ = {
			isa = PBXVariantGroup;
			children = (
				A6345F02249947280070D2C2 /* Base */,
			);
			name = LaunchScreen.storyboard;
			sourceTree = "<group>";
		};
/* End PBXVariantGroup section */

/* Begin XCBuildConfiguration section */
		A6345F10249947280070D2C2 /* Debug */ = {
			isa = XCBuildConfiguration;
			buildSettings = {
				ALWAYS_SEARCH_USER_PATHS = NO;
				CLANG_ANALYZER_NONNULL = YES;
				CLANG_ANALYZER_NUMBER_OBJECT_CONVERSION = YES_AGGRESSIVE;
				CLANG_CXX_LANGUAGE_STANDARD = "gnu++14";
				CLANG_CXX_LIBRARY = "libc++";
				CLANG_ENABLE_MODULES = YES;
				CLANG_ENABLE_OBJC_ARC = YES;
				CLANG_ENABLE_OBJC_WEAK = YES;
				CLANG_WARN_BLOCK_CAPTURE_AUTORELEASING = YES;
				CLANG_WARN_BOOL_CONVERSION = YES;
				CLANG_WARN_COMMA = YES;
				CLANG_WARN_CONSTANT_CONVERSION = YES;
				CLANG_WARN_DEPRECATED_OBJC_IMPLEMENTATIONS = YES;
				CLANG_WARN_DIRECT_OBJC_ISA_USAGE = YES_ERROR;
				CLANG_WARN_DOCUMENTATION_COMMENTS = YES;
				CLANG_WARN_EMPTY_BODY = YES;
				CLANG_WARN_ENUM_CONVERSION = YES;
				CLANG_WARN_INFINITE_RECURSION = YES;
				CLANG_WARN_INT_CONVERSION = YES;
				CLANG_WARN_NON_LITERAL_NULL_CONVERSION = YES;
				CLANG_WARN_OBJC_IMPLICIT_RETAIN_SELF = YES;
				CLANG_WARN_OBJC_LITERAL_CONVERSION = YES;
				CLANG_WARN_OBJC_ROOT_CLASS = YES_ERROR;
				CLANG_WARN_RANGE_LOOP_ANALYSIS = YES;
				CLANG_WARN_STRICT_PROTOTYPES = YES;
				CLANG_WARN_SUSPICIOUS_MOVE = YES;
				CLANG_WARN_UNGUARDED_AVAILABILITY = YES_AGGRESSIVE;
				CLANG_WARN_UNREACHABLE_CODE = YES;
				CLANG_WARN__DUPLICATE_METHOD_MATCH = YES;
				COPY_PHASE_STRIP = NO;
				DEBUG_INFORMATION_FORMAT = dwarf;
				ENABLE_STRICT_OBJC_MSGSEND = YES;
				ENABLE_TESTABILITY = YES;
				GCC_C_LANGUAGE_STANDARD = gnu11;
				GCC_DYNAMIC_NO_PIC = NO;
				GCC_NO_COMMON_BLOCKS = YES;
				GCC_OPTIMIZATION_LEVEL = 0;
				GCC_PREPROCESSOR_DEFINITIONS = (
					"DEBUG=1",
					"$(inherited)",
				);
				GCC_WARN_64_TO_32_BIT_CONVERSION = YES;
				GCC_WARN_ABOUT_RETURN_TYPE = YES_ERROR;
				GCC_WARN_UNDECLARED_SELECTOR = YES;
				GCC_WARN_UNINITIALIZED_AUTOS = YES_AGGRESSIVE;
				GCC_WARN_UNUSED_FUNCTION = YES;
				GCC_WARN_UNUSED_VARIABLE = YES;
				IPHONEOS_DEPLOYMENT_TARGET = 13.5;
				MTL_ENABLE_DEBUG_INFO = INCLUDE_SOURCE;
				MTL_FAST_MATH = YES;
				ONLY_ACTIVE_ARCH = YES;
				SDKROOT = iphoneos;
				SWIFT_ACTIVE_COMPILATION_CONDITIONS = DEBUG;
				SWIFT_OPTIMIZATION_LEVEL = "-Onone";
			};
			name = Debug;
		};
		A6345F11249947280070D2C2 /* Release */ = {
			isa = XCBuildConfiguration;
			buildSettings = {
				ALWAYS_SEARCH_USER_PATHS = NO;
				CLANG_ANALYZER_NONNULL = YES;
				CLANG_ANALYZER_NUMBER_OBJECT_CONVERSION = YES_AGGRESSIVE;
				CLANG_CXX_LANGUAGE_STANDARD = "gnu++14";
				CLANG_CXX_LIBRARY = "libc++";
				CLANG_ENABLE_MODULES = YES;
				CLANG_ENABLE_OBJC_ARC = YES;
				CLANG_ENABLE_OBJC_WEAK = YES;
				CLANG_WARN_BLOCK_CAPTURE_AUTORELEASING = YES;
				CLANG_WARN_BOOL_CONVERSION = YES;
				CLANG_WARN_COMMA = YES;
				CLANG_WARN_CONSTANT_CONVERSION = YES;
				CLANG_WARN_DEPRECATED_OBJC_IMPLEMENTATIONS = YES;
				CLANG_WARN_DIRECT_OBJC_ISA_USAGE = YES_ERROR;
				CLANG_WARN_DOCUMENTATION_COMMENTS = YES;
				CLANG_WARN_EMPTY_BODY = YES;
				CLANG_WARN_ENUM_CONVERSION = YES;
				CLANG_WARN_INFINITE_RECURSION = YES;
				CLANG_WARN_INT_CONVERSION = YES;
				CLANG_WARN_NON_LITERAL_NULL_CONVERSION = YES;
				CLANG_WARN_OBJC_IMPLICIT_RETAIN_SELF = YES;
				CLANG_WARN_OBJC_LITERAL_CONVERSION = YES;
				CLANG_WARN_OBJC_ROOT_CLASS = YES_ERROR;
				CLANG_WARN_RANGE_LOOP_ANALYSIS = YES;
				CLANG_WARN_STRICT_PROTOTYPES = YES;
				CLANG_WARN_SUSPICIOUS_MOVE = YES;
				CLANG_WARN_UNGUARDED_AVAILABILITY = YES_AGGRESSIVE;
				CLANG_WARN_UNREACHABLE_CODE = YES;
				CLANG_WARN__DUPLICATE_METHOD_MATCH = YES;
				COPY_PHASE_STRIP = NO;
				DEBUG_INFORMATION_FORMAT = "dwarf-with-dsym";
				ENABLE_NS_ASSERTIONS = NO;
				ENABLE_STRICT_OBJC_MSGSEND = YES;
				GCC_C_LANGUAGE_STANDARD = gnu11;
				GCC_NO_COMMON_BLOCKS = YES;
				GCC_WARN_64_TO_32_BIT_CONVERSION = YES;
				GCC_WARN_ABOUT_RETURN_TYPE = YES_ERROR;
				GCC_WARN_UNDECLARED_SELECTOR = YES;
				GCC_WARN_UNINITIALIZED_AUTOS = YES_AGGRESSIVE;
				GCC_WARN_UNUSED_FUNCTION = YES;
				GCC_WARN_UNUSED_VARIABLE = YES;
				IPHONEOS_DEPLOYMENT_TARGET = 13.5;
				MTL_ENABLE_DEBUG_INFO = NO;
				MTL_FAST_MATH = YES;
				SDKROOT = iphoneos;
				SWIFT_COMPILATION_MODE = wholemodule;
				SWIFT_OPTIMIZATION_LEVEL = "-O";
				VALIDATE_PRODUCT = YES;
			};
			name = Release;
		};
		A6345F13249947280070D2C2 /* Debug */ = {
			isa = XCBuildConfiguration;
			buildSettings = {
				ASSETCATALOG_COMPILER_APPICON_NAME = AppIcon;
				CLANG_ENABLE_MODULES = YES;
				CODE_SIGN_STYLE = Automatic;
				DEVELOPMENT_TEAM = 2G429TK35T;
				FRAMEWORK_SEARCH_PATHS = (
					"$(inherited)",
					"$(PROJECT_DIR)",
				);
				INFOPLIST_FILE = TrackFinder/Info.plist;
				LD_RUNPATH_SEARCH_PATHS = (
					"$(inherited)",
					"@executable_path/Frameworks",
				);
				OTHER_LDFLAGS = "-Objc";
				PRODUCT_BUNDLE_IDENTIFIER = nihoo.TrackFinder;
				PRODUCT_NAME = "$(TARGET_NAME)";
				SWIFT_OBJC_BRIDGING_HEADER = "TrackFinder-Bridging-Header.h";
				SWIFT_OPTIMIZATION_LEVEL = "-Onone";
				SWIFT_VERSION = 5.0;
				TARGETED_DEVICE_FAMILY = "1,2";
			};
			name = Debug;
		};
		A6345F14249947280070D2C2 /* Release */ = {
			isa = XCBuildConfiguration;
			buildSettings = {
				ASSETCATALOG_COMPILER_APPICON_NAME = AppIcon;
				CLANG_ENABLE_MODULES = YES;
				CODE_SIGN_STYLE = Automatic;
				DEVELOPMENT_TEAM = 2G429TK35T;
				FRAMEWORK_SEARCH_PATHS = (
					"$(inherited)",
					"$(PROJECT_DIR)",
				);
				INFOPLIST_FILE = TrackFinder/Info.plist;
				LD_RUNPATH_SEARCH_PATHS = (
					"$(inherited)",
					"@executable_path/Frameworks",
				);
				OTHER_LDFLAGS = "-Objc";
				PRODUCT_BUNDLE_IDENTIFIER = nihoo.TrackFinder;
				PRODUCT_NAME = "$(TARGET_NAME)";
				SWIFT_OBJC_BRIDGING_HEADER = "TrackFinder-Bridging-Header.h";
				SWIFT_VERSION = 5.0;
				TARGETED_DEVICE_FAMILY = "1,2";
			};
			name = Release;
		};
		A6345F16249947280070D2C2 /* Debug */ = {
			isa = XCBuildConfiguration;
			buildSettings = {
				ALWAYS_EMBED_SWIFT_STANDARD_LIBRARIES = YES;
				BUNDLE_LOADER = "$(TEST_HOST)";
				CODE_SIGN_STYLE = Automatic;
				DEVELOPMENT_TEAM = 2G429TK35T;
				INFOPLIST_FILE = TrackFinderTests/Info.plist;
				IPHONEOS_DEPLOYMENT_TARGET = 13.5;
				LD_RUNPATH_SEARCH_PATHS = (
					"$(inherited)",
					"@executable_path/Frameworks",
					"@loader_path/Frameworks",
				);
				PRODUCT_BUNDLE_IDENTIFIER = nihoo.TrackFinderTests;
				PRODUCT_NAME = "$(TARGET_NAME)";
				SWIFT_VERSION = 5.0;
				TARGETED_DEVICE_FAMILY = "1,2";
				TEST_HOST = "$(BUILT_PRODUCTS_DIR)/TrackFinder.app/TrackFinder";
			};
			name = Debug;
		};
		A6345F17249947280070D2C2 /* Release */ = {
			isa = XCBuildConfiguration;
			buildSettings = {
				ALWAYS_EMBED_SWIFT_STANDARD_LIBRARIES = YES;
				BUNDLE_LOADER = "$(TEST_HOST)";
				CODE_SIGN_STYLE = Automatic;
				DEVELOPMENT_TEAM = 2G429TK35T;
				INFOPLIST_FILE = TrackFinderTests/Info.plist;
				IPHONEOS_DEPLOYMENT_TARGET = 13.5;
				LD_RUNPATH_SEARCH_PATHS = (
					"$(inherited)",
					"@executable_path/Frameworks",
					"@loader_path/Frameworks",
				);
				PRODUCT_BUNDLE_IDENTIFIER = nihoo.TrackFinderTests;
				PRODUCT_NAME = "$(TARGET_NAME)";
				SWIFT_VERSION = 5.0;
				TARGETED_DEVICE_FAMILY = "1,2";
				TEST_HOST = "$(BUILT_PRODUCTS_DIR)/TrackFinder.app/TrackFinder";
			};
			name = Release;
		};
/* End XCBuildConfiguration section */

/* Begin XCConfigurationList section */
		A6345EEE249947240070D2C2 /* Build configuration list for PBXProject "TrackFinder" */ = {
			isa = XCConfigurationList;
			buildConfigurations = (
				A6345F10249947280070D2C2 /* Debug */,
				A6345F11249947280070D2C2 /* Release */,
			);
			defaultConfigurationIsVisible = 0;
			defaultConfigurationName = Release;
		};
		A6345F12249947280070D2C2 /* Build configuration list for PBXNativeTarget "TrackFinder" */ = {
			isa = XCConfigurationList;
			buildConfigurations = (
				A6345F13249947280070D2C2 /* Debug */,
				A6345F14249947280070D2C2 /* Release */,
			);
			defaultConfigurationIsVisible = 0;
			defaultConfigurationName = Release;
		};
		A6345F15249947280070D2C2 /* Build configuration list for PBXNativeTarget "TrackFinderTests" */ = {
			isa = XCConfigurationList;
			buildConfigurations = (
				A6345F16249947280070D2C2 /* Debug */,
				A6345F17249947280070D2C2 /* Release */,
			);
			defaultConfigurationIsVisible = 0;
			defaultConfigurationName = Release;
		};
/* End XCConfigurationList section */

/* Begin XCRemoteSwiftPackageReference section */
		A6345F1B249948840070D2C2 /* XCRemoteSwiftPackageReference "SnapKit" */ = {
			isa = XCRemoteSwiftPackageReference;
			repositoryURL = "https://github.com/SnapKit/SnapKit";
			requirement = {
				kind = upToNextMajorVersion;
				minimumVersion = 5.0.1;
			};
		};
		A6345F84249A72A90070D2C2 /* XCRemoteSwiftPackageReference "SwiftyBeaver" */ = {
			isa = XCRemoteSwiftPackageReference;
			repositoryURL = "https://github.com/SwiftyBeaver/SwiftyBeaver";
			requirement = {
				kind = upToNextMajorVersion;
				minimumVersion = 1.9.1;
			};
		};
		A6345F8F249BB7400070D2C2 /* XCRemoteSwiftPackageReference "Swinject" */ = {
			isa = XCRemoteSwiftPackageReference;
			repositoryURL = "https://github.com/Swinject/Swinject";
			requirement = {
				kind = upToNextMajorVersion;
				minimumVersion = 2.7.1;
			};
		};
/* End XCRemoteSwiftPackageReference section */

/* Begin XCSwiftPackageProductDependency section */
		A6345F1C249948840070D2C2 /* SnapKit */ = {
			isa = XCSwiftPackageProductDependency;
			package = A6345F1B249948840070D2C2 /* XCRemoteSwiftPackageReference "SnapKit" */;
			productName = SnapKit;
		};
		A6345F85249A72A90070D2C2 /* SwiftyBeaver */ = {
			isa = XCSwiftPackageProductDependency;
			package = A6345F84249A72A90070D2C2 /* XCRemoteSwiftPackageReference "SwiftyBeaver" */;
			productName = SwiftyBeaver;
		};
		A6345F90249BB7400070D2C2 /* Swinject */ = {
			isa = XCSwiftPackageProductDependency;
			package = A6345F8F249BB7400070D2C2 /* XCRemoteSwiftPackageReference "Swinject" */;
			productName = Swinject;
		};
/* End XCSwiftPackageProductDependency section */
	};
	rootObject = A6345EEB249947240070D2C2 /* Project object */;
}
